<?xml version="1.0" encoding="utf-8"?>
<Project ToolsVersion="4.0" xmlns="http://schemas.microsoft.com/developer/msbuild/2003">
  <ItemGroup>
    <Filter Include="Source Files">
      <UniqueIdentifier>{4FC737F1-C7A5-4376-A066-2A32D752A2FF}</UniqueIdentifier>
      <Extensions>cpp;c;cc;cxx;def;odl;idl;hpj;bat;asm;asmx</Extensions>
    </Filter>
    <Filter Include="Header Files">
      <UniqueIdentifier>{93995380-89BD-4b04-88EB-625FBE52EBFB}</UniqueIdentifier>
      <Extensions>h;hpp;hxx;hm;inl;inc;xsd</Extensions>
    </Filter>
    <Filter Include="Resource Files">
      <UniqueIdentifier>{67DA6AB6-F800-4c08-8B7A-83BB121AAD01}</UniqueIdentifier>
      <Extensions>rc;ico;cur;bmp;dlg;rc2;rct;bin;rgs;gif;jpg;jpeg;jpe;resx;tiff;tif;png;wav;mfcribbon-ms</Extensions>
    </Filter>
    <Filter Include="Source Files\cl_dll">
      <UniqueIdentifier>{01b8d565-8fa1-4999-8cb6-01da5dd1e555}</UniqueIdentifier>
    </Filter>
    <Filter Include="Source Files\common">
      <UniqueIdentifier>{6887a889-19a5-42f7-8af9-2af4b64cbf2b}</UniqueIdentifier>
    </Filter>
    <Filter Include="Source Files\pm_shared">
      <UniqueIdentifier>{7d8ce8c9-fed8-42ee-9ba0-73d0fee6006a}</UniqueIdentifier>
    </Filter>
    <Filter Include="Source Files\game_shared">
      <UniqueIdentifier>{83318ea3-5019-4d8a-a9f9-4922cdb1c9bb}</UniqueIdentifier>
    </Filter>
    <Filter Include="Header Files\cl_dll">
      <UniqueIdentifier>{95dcdae3-b427-4517-a477-bfa2583b2e1f}</UniqueIdentifier>
    </Filter>
    <Filter Include="Header Files\common">
      <UniqueIdentifier>{54679c20-fece-4cb1-bef2-017d30f31af0}</UniqueIdentifier>
    </Filter>
    <Filter Include="Header Files\pm_shared">
      <UniqueIdentifier>{fb64b597-8c31-4391-b259-6121f67bbccb}</UniqueIdentifier>
    </Filter>
    <Filter Include="Header Files\game_shared">
      <UniqueIdentifier>{dfaa6b94-3821-41ff-a9c2-ef94fbb0d7d1}</UniqueIdentifier>
    </Filter>
    <Filter Include="Source Files\public">
      <UniqueIdentifier>{c053705f-05f3-4d16-ab13-80bfa84cbe75}</UniqueIdentifier>
    </Filter>
    <Filter Include="Source Files\_hl">
      <UniqueIdentifier>{f033f23a-ab54-411c-bebf-72d10839418e}</UniqueIdentifier>
    </Filter>
    <Filter Include="Source Files\_hl\cl_dll">
      <UniqueIdentifier>{5bff06ec-c232-4dd2-8642-4e2ce64f31ef}</UniqueIdentifier>
    </Filter>
    <Filter Include="Source Files\_hl\cl_dll\hl">
      <UniqueIdentifier>{bd9d5958-4e67-4bff-bbd8-6ba6dfcdb720}</UniqueIdentifier>
    </Filter>
    <Filter Include="Header Files\engine">
      <UniqueIdentifier>{a503e72a-049f-488c-a14e-b69a2f6b9c46}</UniqueIdentifier>
    </Filter>
    <Filter Include="Header Files\cl_dll\ui">
      <UniqueIdentifier>{2b048104-38be-4ef9-9ef5-033896f57b99}</UniqueIdentifier>
    </Filter>
    <Filter Include="Source Files\cl_dll\ui">
      <UniqueIdentifier>{66a765e7-aa0e-4e7c-8b2b-4a92ca3704f7}</UniqueIdentifier>
    </Filter>
    <Filter Include="Source Files\public\math">
      <UniqueIdentifier>{12640e9b-752f-4329-896a-d88d64ee5314}</UniqueIdentifier>
    </Filter>
    <Filter Include="Header Files\public">
      <UniqueIdentifier>{4fd51903-7edf-4c8c-a7bb-3b9489c41f0a}</UniqueIdentifier>
    </Filter>
    <Filter Include="Header Files\public\math">
      <UniqueIdentifier>{cd902acd-b14e-4bbb-b2e0-f117e0856b11}</UniqueIdentifier>
    </Filter>
    <Filter Include="Source Files\game">
      <UniqueIdentifier>{2af29c73-a464-4a9d-b17a-b1da963bdd5c}</UniqueIdentifier>
    </Filter>
    <Filter Include="Source Files\game\shared">
      <UniqueIdentifier>{20909575-f310-4135-b21c-46e0ab1d8bca}</UniqueIdentifier>
    </Filter>
    <Filter Include="Header Files\game">
      <UniqueIdentifier>{33f00d22-87af-41a7-b78b-01a32b4fde61}</UniqueIdentifier>
    </Filter>
    <Filter Include="Header Files\game\shared">
      <UniqueIdentifier>{54c43810-1bd9-4fa3-ba06-a840bde2cff1}</UniqueIdentifier>
    </Filter>
    <Filter Include="Header Files\game\shared\entities">
      <UniqueIdentifier>{1c7ead2d-96ab-42ad-be22-ac7fd88473ec}</UniqueIdentifier>
    </Filter>
    <Filter Include="Header Files\game\shared\entities\weapons">
      <UniqueIdentifier>{c2fe6261-85fa-4a3e-8b00-fd0587e7297e}</UniqueIdentifier>
    </Filter>
    <Filter Include="Source Files\game\shared\entities">
      <UniqueIdentifier>{bfd0608c-397d-4ecf-a529-68ab05dfef18}</UniqueIdentifier>
    </Filter>
    <Filter Include="Source Files\game\shared\entities\weapons">
      <UniqueIdentifier>{614e8fa0-839f-434f-b873-cabdcab32dfc}</UniqueIdentifier>
    </Filter>
    <Filter Include="Source Files\game\client">
      <UniqueIdentifier>{17de553d-0087-444b-b9d0-3f149a6b87fc}</UniqueIdentifier>
    </Filter>
    <Filter Include="Source Files\game\client\entities">
      <UniqueIdentifier>{f85a7bfa-93d1-4a56-9ce7-229afea4005d}</UniqueIdentifier>
    </Filter>
    <Filter Include="Source Files\game\client\entities\weapons">
      <UniqueIdentifier>{6260772a-d207-4b83-81dd-87acd260b591}</UniqueIdentifier>
    </Filter>
    <Filter Include="Header Files\game\client">
      <UniqueIdentifier>{041357be-4b6b-4991-af96-272401dca8f5}</UniqueIdentifier>
    </Filter>
  </ItemGroup>
  <ItemGroup>
    <ClCompile Include="..\..\cl_dll\ev_hldm.cpp">
      <Filter>Source Files\_hl\cl_dll</Filter>
    </ClCompile>
    <ClCompile Include="..\..\cl_dll\hl\hl_weapons.cpp">
      <Filter>Source Files\_hl\cl_dll\hl</Filter>
    </ClCompile>
    <ClCompile Include="..\..\cl_dll\hl\hl_baseentity.cpp">
      <Filter>Source Files\_hl\cl_dll\hl</Filter>
    </ClCompile>
    <ClCompile Include="..\..\cl_dll\hl\hl_events.cpp">
      <Filter>Source Files\_hl\cl_dll\hl</Filter>
    </ClCompile>
    <ClCompile Include="..\..\cl_dll\hl\hl_objects.cpp">
      <Filter>Source Files\_hl\cl_dll\hl</Filter>
    </ClCompile>
    <ClCompile Include="..\..\cl_dll\death.cpp">
      <Filter>Source Files\cl_dll</Filter>
    </ClCompile>
    <ClCompile Include="..\..\cl_dll\ammo.cpp">
      <Filter>Source Files\cl_dll</Filter>
    </ClCompile>
    <ClCompile Include="..\..\cl_dll\ammo_secondary.cpp">
      <Filter>Source Files\cl_dll</Filter>
    </ClCompile>
    <ClCompile Include="..\..\cl_dll\ammohistory.cpp">
      <Filter>Source Files\cl_dll</Filter>
    </ClCompile>
    <ClCompile Include="..\..\cl_dll\battery.cpp">
      <Filter>Source Files\cl_dll</Filter>
    </ClCompile>
    <ClCompile Include="..\..\cl_dll\cdll_int.cpp">
      <Filter>Source Files\cl_dll</Filter>
    </ClCompile>
    <ClCompile Include="..\..\cl_dll\com_weapons.cpp">
      <Filter>Source Files\cl_dll</Filter>
    </ClCompile>
    <ClCompile Include="..\..\cl_dll\message.cpp">
      <Filter>Source Files\cl_dll</Filter>
    </ClCompile>
    <ClCompile Include="..\..\cl_dll\demo.cpp">
      <Filter>Source Files\cl_dll</Filter>
    </ClCompile>
    <ClCompile Include="..\..\cl_dll\entity.cpp">
      <Filter>Source Files\cl_dll</Filter>
    </ClCompile>
    <ClCompile Include="..\..\cl_dll\ev_common.cpp">
      <Filter>Source Files\cl_dll</Filter>
    </ClCompile>
    <ClCompile Include="..\..\cl_dll\events.cpp">
      <Filter>Source Files\cl_dll</Filter>
    </ClCompile>
    <ClCompile Include="..\..\cl_dll\flashlight.cpp">
      <Filter>Source Files\cl_dll</Filter>
    </ClCompile>
    <ClCompile Include="..\..\cl_dll\GameStudioModelRenderer.cpp">
      <Filter>Source Files\cl_dll</Filter>
    </ClCompile>
    <ClCompile Include="..\..\cl_dll\geiger.cpp">
      <Filter>Source Files\cl_dll</Filter>
    </ClCompile>
    <ClCompile Include="..\..\cl_dll\health.cpp">
      <Filter>Source Files\cl_dll</Filter>
    </ClCompile>
    <ClCompile Include="..\..\cl_dll\hud.cpp">
      <Filter>Source Files\cl_dll</Filter>
    </ClCompile>
    <ClCompile Include="..\..\cl_dll\hud_bench.cpp">
      <Filter>Source Files\cl_dll</Filter>
    </ClCompile>
    <ClCompile Include="..\..\cl_dll\hud_benchtrace.cpp">
      <Filter>Source Files\cl_dll</Filter>
    </ClCompile>
    <ClCompile Include="..\..\cl_dll\hud_msg.cpp">
      <Filter>Source Files\cl_dll</Filter>
    </ClCompile>
    <ClCompile Include="..\..\cl_dll\hud_redraw.cpp">
      <Filter>Source Files\cl_dll</Filter>
    </ClCompile>
    <ClCompile Include="..\..\cl_dll\hud_spectator.cpp">
      <Filter>Source Files\cl_dll</Filter>
    </ClCompile>
    <ClCompile Include="..\..\cl_dll\hud_update.cpp">
      <Filter>Source Files\cl_dll</Filter>
    </ClCompile>
    <ClCompile Include="..\..\cl_dll\in_camera.cpp">
      <Filter>Source Files\cl_dll</Filter>
    </ClCompile>
    <ClCompile Include="..\..\cl_dll\input.cpp">
      <Filter>Source Files\cl_dll</Filter>
    </ClCompile>
    <ClCompile Include="..\..\cl_dll\inputw32.cpp">
      <Filter>Source Files\cl_dll</Filter>
    </ClCompile>
    <ClCompile Include="..\..\cl_dll\interpolation.cpp">
      <Filter>Source Files\cl_dll</Filter>
    </ClCompile>
    <ClCompile Include="..\..\cl_dll\menu.cpp">
      <Filter>Source Files\cl_dll</Filter>
    </ClCompile>
    <ClCompile Include="..\..\common\parsemsg.cpp">
      <Filter>Source Files\common</Filter>
    </ClCompile>
    <ClCompile Include="..\..\cl_dll\util.cpp">
      <Filter>Source Files\cl_dll</Filter>
    </ClCompile>
    <ClCompile Include="..\..\cl_dll\saytext.cpp">
      <Filter>Source Files\cl_dll</Filter>
    </ClCompile>
    <ClCompile Include="..\..\cl_dll\status_icons.cpp">
      <Filter>Source Files\cl_dll</Filter>
    </ClCompile>
    <ClCompile Include="..\..\cl_dll\statusbar.cpp">
      <Filter>Source Files\cl_dll</Filter>
    </ClCompile>
    <ClCompile Include="..\..\cl_dll\studio_util.cpp">
      <Filter>Source Files\cl_dll</Filter>
    </ClCompile>
    <ClCompile Include="..\..\cl_dll\StudioModelRenderer.cpp">
      <Filter>Source Files\cl_dll</Filter>
    </ClCompile>
    <ClCompile Include="..\..\cl_dll\text_message.cpp">
      <Filter>Source Files\cl_dll</Filter>
    </ClCompile>
    <ClCompile Include="..\..\cl_dll\train.cpp">
      <Filter>Source Files\cl_dll</Filter>
    </ClCompile>
    <ClCompile Include="..\..\cl_dll\tri.cpp">
      <Filter>Source Files\cl_dll</Filter>
    </ClCompile>
    <ClCompile Include="..\..\game_shared\vgui_checkbutton2.cpp">
      <Filter>Source Files\game_shared</Filter>
    </ClCompile>
    <ClCompile Include="..\..\cl_dll\vgui_CustomObjects.cpp">
      <Filter>Source Files\cl_dll</Filter>
    </ClCompile>
    <ClCompile Include="..\..\cl_dll\vgui_ClassMenu.cpp">
      <Filter>Source Files\cl_dll</Filter>
    </ClCompile>
    <ClCompile Include="..\..\cl_dll\vgui_ControlConfigPanel.cpp">
      <Filter>Source Files\cl_dll</Filter>
    </ClCompile>
    <ClCompile Include="..\..\game_shared\vgui_grid.cpp">
      <Filter>Source Files\game_shared</Filter>
    </ClCompile>
    <ClCompile Include="..\..\game_shared\vgui_helpers.cpp">
      <Filter>Source Files\game_shared</Filter>
    </ClCompile>
    <ClCompile Include="..\..\cl_dll\vgui_int.cpp">
      <Filter>Source Files\cl_dll</Filter>
    </ClCompile>
    <ClCompile Include="..\..\game_shared\vgui_loadtga.cpp">
      <Filter>Source Files\game_shared</Filter>
    </ClCompile>
    <ClCompile Include="..\..\game_shared\vgui_listbox.cpp">
      <Filter>Source Files\game_shared</Filter>
    </ClCompile>
    <ClCompile Include="..\..\cl_dll\vgui_MOTDWindow.cpp">
      <Filter>Source Files\cl_dll</Filter>
    </ClCompile>
    <ClCompile Include="..\..\cl_dll\vgui_SchemeManager.cpp">
      <Filter>Source Files\cl_dll</Filter>
    </ClCompile>
    <ClCompile Include="..\..\cl_dll\vgui_ScorePanel.cpp">
      <Filter>Source Files\cl_dll</Filter>
    </ClCompile>
    <ClCompile Include="..\..\game_shared\voice_banmgr.cpp">
      <Filter>Source Files\game_shared</Filter>
    </ClCompile>
    <ClCompile Include="..\..\game_shared\vgui_scrollbar2.cpp">
      <Filter>Source Files\game_shared</Filter>
    </ClCompile>
    <ClCompile Include="..\..\game_shared\vgui_slider2.cpp">
      <Filter>Source Files\game_shared</Filter>
    </ClCompile>
    <ClCompile Include="..\..\cl_dll\view.cpp">
      <Filter>Source Files\cl_dll</Filter>
    </ClCompile>
    <ClCompile Include="..\..\cl_dll\vgui_SpectatorPanel.cpp">
      <Filter>Source Files\cl_dll</Filter>
    </ClCompile>
    <ClCompile Include="..\..\cl_dll\vgui_TeamFortressViewport.cpp">
      <Filter>Source Files\cl_dll</Filter>
    </ClCompile>
    <ClCompile Include="..\..\cl_dll\vgui_teammenu.cpp">
      <Filter>Source Files\cl_dll</Filter>
    </ClCompile>
    <ClCompile Include="..\..\cl_dll\voice_status.cpp">
      <Filter>Source Files\cl_dll</Filter>
    </ClCompile>
    <ClCompile Include="..\..\public\interface.cpp">
      <Filter>Source Files\public</Filter>
    </ClCompile>
    <ClCompile Include="..\..\cl_dll\ui\CClientVGUI.cpp">
      <Filter>Source Files\cl_dll\ui</Filter>
    </ClCompile>
    <ClCompile Include="..\..\source_sdk\public\tier0\memoverride.cpp">
      <Filter>Source Files\public</Filter>
    </ClCompile>
    <ClCompile Include="..\..\pm_shared\pm_debug.cpp">
      <Filter>Source Files\pm_shared</Filter>
    </ClCompile>
    <ClCompile Include="..\..\pm_shared\pm_shared.cpp">
      <Filter>Source Files\pm_shared</Filter>
    </ClCompile>
    <ClCompile Include="..\..\public\math\mathlib.cpp">
      <Filter>Source Files\public\math</Filter>
    </ClCompile>
    <ClCompile Include="..\..\common\Platform.cpp">
      <Filter>Source Files\common</Filter>
    </ClCompile>
    <ClCompile Include="..\..\common\CHashStringPool.cpp">
      <Filter>Source Files\common</Filter>
    </ClCompile>
    <ClCompile Include="..\..\game\shared\entities\weapons\CAmmoTypes.cpp">
      <Filter>Source Files\game\shared\entities\weapons</Filter>
    </ClCompile>
    <ClCompile Include="..\..\game\shared\entities\CBaseEntity.shared.cpp">
      <Filter>Source Files\game\shared\entities</Filter>
    </ClCompile>
    <ClCompile Include="..\..\game\shared\entities\EHandle.cpp">
      <Filter>Source Files\game\shared\entities</Filter>
    </ClCompile>
    <ClCompile Include="..\..\game\shared\entities\weapons\CSqueak.cpp">
      <Filter>Source Files\game\shared\entities\weapons</Filter>
    </ClCompile>
    <ClCompile Include="..\..\game\shared\entities\weapons\CSniperRifle.cpp">
      <Filter>Source Files\game\shared\entities\weapons</Filter>
    </ClCompile>
    <ClCompile Include="..\..\game\shared\entities\weapons\CTripmine.cpp">
      <Filter>Source Files\game\shared\entities\weapons</Filter>
    </ClCompile>
    <ClCompile Include="..\..\game\shared\entities\weapons\CSatchel.cpp">
      <Filter>Source Files\game\shared\entities\weapons</Filter>
    </ClCompile>
    <ClCompile Include="..\..\game\shared\entities\weapons\CHandGrenade.cpp">
      <Filter>Source Files\game\shared\entities\weapons</Filter>
    </ClCompile>
    <ClCompile Include="..\..\game\shared\entities\weapons\CHornetGun.cpp">
      <Filter>Source Files\game\shared\entities\weapons</Filter>
    </ClCompile>
    <ClCompile Include="..\..\game\shared\entities\weapons\CEgon.cpp">
      <Filter>Source Files\game\shared\entities\weapons</Filter>
    </ClCompile>
    <ClCompile Include="..\..\game\shared\entities\weapons\CGauss.cpp">
      <Filter>Source Files\game\shared\entities\weapons</Filter>
    </ClCompile>
    <ClCompile Include="..\..\game\shared\entities\weapons\CRpg.cpp">
      <Filter>Source Files\game\shared\entities\weapons</Filter>
    </ClCompile>
    <ClCompile Include="..\..\game\shared\entities\weapons\CShotgun.cpp">
      <Filter>Source Files\game\shared\entities\weapons</Filter>
    </ClCompile>
    <ClCompile Include="..\..\game\shared\entities\weapons\CCrossbow.cpp">
      <Filter>Source Files\game\shared\entities\weapons</Filter>
    </ClCompile>
    <ClCompile Include="..\..\game\shared\entities\weapons\CMP5.cpp">
      <Filter>Source Files\game\shared\entities\weapons</Filter>
    </ClCompile>
    <ClCompile Include="..\..\game\shared\entities\weapons\CPython.cpp">
      <Filter>Source Files\game\shared\entities\weapons</Filter>
    </ClCompile>
    <ClCompile Include="..\..\game\shared\entities\weapons\CCrowbar.cpp">
      <Filter>Source Files\game\shared\entities\weapons</Filter>
    </ClCompile>
    <ClCompile Include="..\..\game\shared\entities\weapons\CGlock.cpp">
      <Filter>Source Files\game\shared\entities\weapons</Filter>
    </ClCompile>
    <ClCompile Include="..\..\game\client\entities\weapons\CBasePlayerWeapon.client.cpp">
      <Filter>Source Files\game\client\entities\weapons</Filter>
    </ClCompile>
    <ClCompile Include="..\..\game\client\entities\weapons\CBasePlayerItem.client.cpp">
      <Filter>Source Files\game\client\entities\weapons</Filter>
    </ClCompile>
    <ClCompile Include="..\..\game\client\entities\CBasePlayer.client.cpp">
      <Filter>Source Files\game\client\entities</Filter>
    </ClCompile>
    <ClCompile Include="..\..\game\client\entities\CBaseEntity.client.cpp">
      <Filter>Source Files\game\client\entities</Filter>
    </ClCompile>
    <ClCompile Include="..\..\game\shared\shared_game_utils.cpp">
      <Filter>Source Files\game\shared</Filter>
    </ClCompile>
    <ClCompile Include="..\..\game\shared\CBaseGameInterface.cpp">
      <Filter>Source Files\game\shared</Filter>
    </ClCompile>
    <ClCompile Include="..\..\game\client\CClientGameInterface.cpp">
      <Filter>Source Files\game\client</Filter>
    </ClCompile>
  </ItemGroup>
  <ItemGroup>
    <ClInclude Include="..\..\cl_dll\kbutton.h">
      <Filter>Header Files\cl_dll</Filter>
    </ClInclude>
    <ClInclude Include="..\..\cl_dll\ammo.h">
      <Filter>Header Files\cl_dll</Filter>
    </ClInclude>
    <ClInclude Include="..\..\cl_dll\ammohistory.h">
      <Filter>Header Files\cl_dll</Filter>
    </ClInclude>
    <ClInclude Include="..\..\cl_dll\camera.h">
      <Filter>Header Files\cl_dll</Filter>
    </ClInclude>
    <ClInclude Include="..\..\cl_dll\cl_dll.h">
      <Filter>Header Files\cl_dll</Filter>
    </ClInclude>
    <ClInclude Include="..\..\cl_dll\cl_util.h">
      <Filter>Header Files\cl_dll</Filter>
    </ClInclude>
    <ClInclude Include="..\..\cl_dll\com_weapons.h">
      <Filter>Header Files\cl_dll</Filter>
    </ClInclude>
    <ClInclude Include="..\..\cl_dll\demo.h">
      <Filter>Header Files\cl_dll</Filter>
    </ClInclude>
    <ClInclude Include="..\..\cl_dll\ev_hldm.h">
      <Filter>Header Files\cl_dll</Filter>
    </ClInclude>
    <ClInclude Include="..\..\cl_dll\eventscripts.h">
      <Filter>Header Files\cl_dll</Filter>
    </ClInclude>
    <ClInclude Include="..\..\cl_dll\GameStudioModelRenderer.h">
      <Filter>Header Files\cl_dll</Filter>
    </ClInclude>
    <ClInclude Include="..\..\cl_dll\health.h">
      <Filter>Header Files\cl_dll</Filter>
    </ClInclude>
    <ClInclude Include="..\..\cl_dll\hud.h">
      <Filter>Header Files\cl_dll</Filter>
    </ClInclude>
    <ClInclude Include="..\..\cl_dll\hud_spectator.h">
      <Filter>Header Files\cl_dll</Filter>
    </ClInclude>
    <ClInclude Include="..\..\cl_dll\in_defs.h">
      <Filter>Header Files\cl_dll</Filter>
    </ClInclude>
    <ClInclude Include="..\..\cl_dll\interpolation.h">
      <Filter>Header Files\cl_dll</Filter>
    </ClInclude>
    <ClInclude Include="..\..\common\parsemsg.h">
      <Filter>Header Files\common</Filter>
    </ClInclude>
    <ClInclude Include="..\..\pm_shared\pm_shared.h">
      <Filter>Header Files\pm_shared</Filter>
    </ClInclude>
    <ClInclude Include="..\..\pm_shared\pm_debug.h">
      <Filter>Header Files\pm_shared</Filter>
    </ClInclude>
    <ClInclude Include="..\..\pm_shared\pm_defs.h">
      <Filter>Header Files\pm_shared</Filter>
    </ClInclude>
    <ClInclude Include="..\..\pm_shared\pm_info.h">
      <Filter>Header Files\pm_shared</Filter>
    </ClInclude>
    <ClInclude Include="..\..\pm_shared\pm_materials.h">
      <Filter>Header Files\pm_shared</Filter>
    </ClInclude>
    <ClInclude Include="..\..\pm_shared\pm_movevars.h">
      <Filter>Header Files\pm_shared</Filter>
    </ClInclude>
    <ClInclude Include="..\..\cl_dll\vgui_ScorePanel.h">
      <Filter>Header Files\cl_dll</Filter>
    </ClInclude>
    <ClInclude Include="..\..\cl_dll\StudioModelRenderer.h">
      <Filter>Header Files\cl_dll</Filter>
    </ClInclude>
    <ClInclude Include="..\..\cl_dll\tri.h">
      <Filter>Header Files\cl_dll</Filter>
    </ClInclude>
    <ClInclude Include="..\..\cl_dll\vgui_ControlConfigPanel.h">
      <Filter>Header Files\cl_dll</Filter>
    </ClInclude>
    <ClInclude Include="..\..\cl_dll\vgui_int.h">
      <Filter>Header Files\cl_dll</Filter>
    </ClInclude>
    <ClInclude Include="..\..\cl_dll\vgui_SchemeManager.h">
      <Filter>Header Files\cl_dll</Filter>
    </ClInclude>
    <ClInclude Include="..\..\game_shared\vgui_slider2.h">
      <Filter>Header Files\game_shared</Filter>
    </ClInclude>
    <ClInclude Include="..\..\game_shared\voice_status.h">
      <Filter>Header Files\game_shared</Filter>
    </ClInclude>
    <ClInclude Include="..\..\game_shared\vgui_scrollbar2.h">
      <Filter>Header Files\game_shared</Filter>
    </ClInclude>
    <ClInclude Include="..\..\game_shared\voice_banmgr.h">
      <Filter>Header Files\game_shared</Filter>
    </ClInclude>
    <ClInclude Include="..\..\cl_dll\wrect.h">
      <Filter>Header Files\cl_dll</Filter>
    </ClInclude>
    <ClInclude Include="..\..\cl_dll\vgui_SpectatorPanel.h">
      <Filter>Header Files\cl_dll</Filter>
    </ClInclude>
    <ClInclude Include="..\..\cl_dll\view.h">
      <Filter>Header Files\cl_dll</Filter>
    </ClInclude>
    <ClInclude Include="..\..\common\Platform.h">
      <Filter>Header Files\common</Filter>
    </ClInclude>
    <ClInclude Include="..\..\engine\IClientVGUI.h">
      <Filter>Header Files\engine</Filter>
    </ClInclude>
    <ClInclude Include="..\..\cl_dll\ui\CClientVGUI.h">
      <Filter>Header Files\cl_dll\ui</Filter>
    </ClInclude>
    <ClInclude Include="..\..\engine\IGameUIFuncs.h">
      <Filter>Header Files\engine</Filter>
    </ClInclude>
    <ClInclude Include="..\..\public\math\mathlib.h">
      <Filter>Header Files\public\math</Filter>
    </ClInclude>
    <ClInclude Include="..\..\public\math\vector.h">
      <Filter>Header Files\public\math</Filter>
    </ClInclude>
    <ClInclude Include="..\..\common\CAutoString.h">
      <Filter>Header Files\common</Filter>
    </ClInclude>
    <ClInclude Include="..\..\common\CHashStringPool.h">
      <Filter>Header Files\common</Filter>
    </ClInclude>
    <ClInclude Include="..\..\game\shared\entities\weapons\CAmmoTypes.h">
      <Filter>Header Files\game\shared\entities\weapons</Filter>
    </ClInclude>
    <ClInclude Include="..\..\game\shared\entities\CBaseEntity.shared.h">
      <Filter>Header Files\game\shared\entities</Filter>
    </ClInclude>
    <ClInclude Include="..\..\game\shared\entities\DataMapping.h">
      <Filter>Header Files\game\shared\entities</Filter>
    </ClInclude>
    <ClInclude Include="..\..\game\shared\entities\EHandle.h">
      <Filter>Header Files\game\shared\entities</Filter>
    </ClInclude>
    <ClInclude Include="..\..\game\shared\entities\weapons\CSniperRifle.h">
      <Filter>Header Files\game\shared\entities\weapons</Filter>
    </ClInclude>
    <ClInclude Include="..\..\game\shared\entities\weapons\CSqueak.h">
      <Filter>Header Files\game\shared\entities\weapons</Filter>
    </ClInclude>
    <ClInclude Include="..\..\game\shared\entities\weapons\CTripmine.h">
      <Filter>Header Files\game\shared\entities\weapons</Filter>
    </ClInclude>
    <ClInclude Include="..\..\game\shared\entities\weapons\CSatchel.h">
      <Filter>Header Files\game\shared\entities\weapons</Filter>
    </ClInclude>
    <ClInclude Include="..\..\game\shared\entities\weapons\CHandGrenade.h">
      <Filter>Header Files\game\shared\entities\weapons</Filter>
    </ClInclude>
    <ClInclude Include="..\..\game\shared\entities\weapons\CHornetGun.h">
      <Filter>Header Files\game\shared\entities\weapons</Filter>
    </ClInclude>
    <ClInclude Include="..\..\game\shared\entities\weapons\CEgon.h">
      <Filter>Header Files\game\shared\entities\weapons</Filter>
    </ClInclude>
    <ClInclude Include="..\..\game\shared\entities\weapons\CGauss.h">
      <Filter>Header Files\game\shared\entities\weapons</Filter>
    </ClInclude>
    <ClInclude Include="..\..\game\shared\entities\weapons\CRpg.h">
      <Filter>Header Files\game\shared\entities\weapons</Filter>
    </ClInclude>
    <ClInclude Include="..\..\game\shared\entities\weapons\CShotgun.h">
      <Filter>Header Files\game\shared\entities\weapons</Filter>
    </ClInclude>
    <ClInclude Include="..\..\game\shared\entities\weapons\CCrossbow.h">
      <Filter>Header Files\game\shared\entities\weapons</Filter>
    </ClInclude>
    <ClInclude Include="..\..\game\shared\entities\weapons\CMP5.h">
      <Filter>Header Files\game\shared\entities\weapons</Filter>
    </ClInclude>
    <ClInclude Include="..\..\game\shared\entities\weapons\CPython.h">
      <Filter>Header Files\game\shared\entities\weapons</Filter>
    </ClInclude>
    <ClInclude Include="..\..\game\shared\entities\weapons\CCrowbar.h">
      <Filter>Header Files\game\shared\entities\weapons</Filter>
    </ClInclude>
    <ClInclude Include="..\..\game\shared\entities\weapons\CGlock.h">
      <Filter>Header Files\game\shared\entities\weapons</Filter>
    </ClInclude>
    <ClInclude Include="..\..\game\shared\entities\CBasePlayer.h">
      <Filter>Header Files\game\shared\entities</Filter>
    </ClInclude>
    <ClInclude Include="..\..\game\shared\Weapons.h">
      <Filter>Header Files\game\shared</Filter>
    </ClInclude>
    <ClInclude Include="..\..\game\shared\shared_game_utils.h">
      <Filter>Header Files\game\shared</Filter>
    </ClInclude>
    <ClInclude Include="..\..\game\shared\Damage.h">
      <Filter>Header Files\game\shared</Filter>
    </ClInclude>
    <ClInclude Include="..\..\game\shared\CBaseGameInterface.h">
      <Filter>Header Files\game\shared</Filter>
    </ClInclude>
    <ClInclude Include="..\..\game\client\CClientGameInterface.h">
      <Filter>Header Files\game\client</Filter>
    </ClInclude>
    <ClInclude Include="..\..\common\MinMax.h">
      <Filter>Header Files\common</Filter>
    </ClInclude>
  </ItemGroup>
  <ItemGroup>
    <Library Include="..\..\lib\public\game_controls.lib" />
  </ItemGroup>
</Project>