<?xml version="1.0" encoding="utf-8"?>
<Project ToolsVersion="4.0" xmlns="http://schemas.microsoft.com/developer/msbuild/2003">
  <ItemGroup>
    <Filter Include="Source Files">
      <UniqueIdentifier>{4FC737F1-C7A5-4376-A066-2A32D752A2FF}</UniqueIdentifier>
      <Extensions>cpp;c;cc;cxx;def;odl;idl;hpj;bat;asm;asmx</Extensions>
    </Filter>
    <Filter Include="Header Files">
      <UniqueIdentifier>{93995380-89BD-4b04-88EB-625FBE52EBFB}</UniqueIdentifier>
      <Extensions>h;hpp;hxx;hm;inl;inc;xsd</Extensions>
    </Filter>
    <Filter Include="Resource Files">
      <UniqueIdentifier>{67DA6AB6-F800-4c08-8B7A-83BB121AAD01}</UniqueIdentifier>
      <Extensions>rc;ico;cur;bmp;dlg;rc2;rct;bin;rgs;gif;jpg;jpeg;jpe;resx;tiff;tif;png;wav;mfcribbon-ms</Extensions>
    </Filter>
    <Filter Include="Source Files\common">
      <UniqueIdentifier>{6887a889-19a5-42f7-8af9-2af4b64cbf2b}</UniqueIdentifier>
    </Filter>
    <Filter Include="Source Files\pm_shared">
      <UniqueIdentifier>{7d8ce8c9-fed8-42ee-9ba0-73d0fee6006a}</UniqueIdentifier>
    </Filter>
    <Filter Include="Header Files\common">
      <UniqueIdentifier>{54679c20-fece-4cb1-bef2-017d30f31af0}</UniqueIdentifier>
    </Filter>
    <Filter Include="Header Files\pm_shared">
      <UniqueIdentifier>{fb64b597-8c31-4391-b259-6121f67bbccb}</UniqueIdentifier>
    </Filter>
    <Filter Include="Source Files\public">
      <UniqueIdentifier>{c053705f-05f3-4d16-ab13-80bfa84cbe75}</UniqueIdentifier>
    </Filter>
    <Filter Include="Header Files\engine">
      <UniqueIdentifier>{a503e72a-049f-488c-a14e-b69a2f6b9c46}</UniqueIdentifier>
    </Filter>
    <Filter Include="Source Files\public\math">
      <UniqueIdentifier>{12640e9b-752f-4329-896a-d88d64ee5314}</UniqueIdentifier>
    </Filter>
    <Filter Include="Header Files\public">
      <UniqueIdentifier>{4fd51903-7edf-4c8c-a7bb-3b9489c41f0a}</UniqueIdentifier>
    </Filter>
    <Filter Include="Header Files\public\math">
      <UniqueIdentifier>{cd902acd-b14e-4bbb-b2e0-f117e0856b11}</UniqueIdentifier>
    </Filter>
    <Filter Include="Source Files\game">
      <UniqueIdentifier>{2af29c73-a464-4a9d-b17a-b1da963bdd5c}</UniqueIdentifier>
    </Filter>
    <Filter Include="Source Files\game\shared">
      <UniqueIdentifier>{20909575-f310-4135-b21c-46e0ab1d8bca}</UniqueIdentifier>
    </Filter>
    <Filter Include="Header Files\game">
      <UniqueIdentifier>{33f00d22-87af-41a7-b78b-01a32b4fde61}</UniqueIdentifier>
    </Filter>
    <Filter Include="Header Files\game\shared">
      <UniqueIdentifier>{54c43810-1bd9-4fa3-ba06-a840bde2cff1}</UniqueIdentifier>
    </Filter>
    <Filter Include="Header Files\game\shared\entities">
      <UniqueIdentifier>{1c7ead2d-96ab-42ad-be22-ac7fd88473ec}</UniqueIdentifier>
    </Filter>
    <Filter Include="Header Files\game\shared\entities\weapons">
      <UniqueIdentifier>{c2fe6261-85fa-4a3e-8b00-fd0587e7297e}</UniqueIdentifier>
    </Filter>
    <Filter Include="Source Files\game\shared\entities">
      <UniqueIdentifier>{bfd0608c-397d-4ecf-a529-68ab05dfef18}</UniqueIdentifier>
    </Filter>
    <Filter Include="Source Files\game\shared\entities\weapons">
      <UniqueIdentifier>{614e8fa0-839f-434f-b873-cabdcab32dfc}</UniqueIdentifier>
    </Filter>
    <Filter Include="Source Files\game\client">
      <UniqueIdentifier>{17de553d-0087-444b-b9d0-3f149a6b87fc}</UniqueIdentifier>
    </Filter>
    <Filter Include="Source Files\game\client\entities">
      <UniqueIdentifier>{f85a7bfa-93d1-4a56-9ce7-229afea4005d}</UniqueIdentifier>
    </Filter>
    <Filter Include="Source Files\game\client\entities\weapons">
      <UniqueIdentifier>{6260772a-d207-4b83-81dd-87acd260b591}</UniqueIdentifier>
    </Filter>
    <Filter Include="Header Files\game\client">
      <UniqueIdentifier>{041357be-4b6b-4991-af96-272401dca8f5}</UniqueIdentifier>
    </Filter>
    <Filter Include="Header Files\game\client\ui">
      <UniqueIdentifier>{6295fb80-2571-423a-bad1-11e90ce2feec}</UniqueIdentifier>
    </Filter>
    <Filter Include="Header Files\game\client\ui\hud">
      <UniqueIdentifier>{3dd02989-be35-4427-800f-ee3b1fea2ed0}</UniqueIdentifier>
    </Filter>
    <Filter Include="Source Files\game\client\ui">
      <UniqueIdentifier>{7fccbace-5df4-4788-8dc6-f968c2cd699b}</UniqueIdentifier>
    </Filter>
    <Filter Include="Source Files\game\client\ui\hud">
      <UniqueIdentifier>{985f0360-143e-40d3-a69f-1d5102045379}</UniqueIdentifier>
    </Filter>
    <Filter Include="Source Files\game\client\ui\vgui">
      <UniqueIdentifier>{d06b1a0c-48e3-445d-9e01-4b5c69f84ce4}</UniqueIdentifier>
    </Filter>
    <Filter Include="Header Files\game\client\ui\vgui">
      <UniqueIdentifier>{3bb157a7-a93a-49da-80d8-eb9d04c570fc}</UniqueIdentifier>
    </Filter>
    <Filter Include="Header Files\game\client\renderer">
      <UniqueIdentifier>{e9e96add-67d0-468e-a76c-252edce0c510}</UniqueIdentifier>
    </Filter>
    <Filter Include="Source Files\game\client\renderer">
      <UniqueIdentifier>{19416af9-e229-45a9-9762-e3980f2b1283}</UniqueIdentifier>
    </Filter>
    <Filter Include="Header Files\game\client\input">
      <UniqueIdentifier>{df7f72d2-6d96-4268-8a71-2e60c6f686c6}</UniqueIdentifier>
    </Filter>
    <Filter Include="Source Files\game\client\input">
      <UniqueIdentifier>{75f9a450-6f44-4feb-8bd1-c767fb6e83dc}</UniqueIdentifier>
    </Filter>
    <Filter Include="Header Files\game\client\entities">
      <UniqueIdentifier>{ab919f89-2254-4e52-a58c-9131b31e3a02}</UniqueIdentifier>
    </Filter>
    <Filter Include="Source Files\game\client\hl">
      <UniqueIdentifier>{83669c15-3f27-4829-89cb-fbc3b8eb0f8b}</UniqueIdentifier>
    </Filter>
    <Filter Include="Source Files\vgui_utils">
      <UniqueIdentifier>{c81aa18b-9893-4968-8aab-547ba658878c}</UniqueIdentifier>
    </Filter>
    <Filter Include="Header Files\vgui_utils">
      <UniqueIdentifier>{8c8ba91a-6aa6-4003-9232-7ca15842d4a5}</UniqueIdentifier>
    </Filter>
    <Filter Include="Header Files\game\client\hl">
      <UniqueIdentifier>{299ed691-2420-4915-9aa4-5ebda5a66f0e}</UniqueIdentifier>
    </Filter>
  </ItemGroup>
  <ItemGroup>
    <ClCompile Include="..\..\common\parsemsg.cpp">
      <Filter>Source Files\common</Filter>
    </ClCompile>
    <ClCompile Include="..\..\public\interface.cpp">
      <Filter>Source Files\public</Filter>
    </ClCompile>
    <ClCompile Include="..\..\source_sdk\public\tier0\memoverride.cpp">
      <Filter>Source Files\public</Filter>
    </ClCompile>
    <ClCompile Include="..\..\pm_shared\pm_debug.cpp">
      <Filter>Source Files\pm_shared</Filter>
    </ClCompile>
    <ClCompile Include="..\..\pm_shared\pm_shared.cpp">
      <Filter>Source Files\pm_shared</Filter>
    </ClCompile>
    <ClCompile Include="..\..\public\math\mathlib.cpp">
      <Filter>Source Files\public\math</Filter>
    </ClCompile>
    <ClCompile Include="..\..\common\Platform.cpp">
      <Filter>Source Files\common</Filter>
    </ClCompile>
    <ClCompile Include="..\..\common\CHashStringPool.cpp">
      <Filter>Source Files\common</Filter>
    </ClCompile>
    <ClCompile Include="..\..\game\shared\entities\weapons\CAmmoTypes.cpp">
      <Filter>Source Files\game\shared\entities\weapons</Filter>
    </ClCompile>
    <ClCompile Include="..\..\game\shared\entities\CBaseEntity.shared.cpp">
      <Filter>Source Files\game\shared\entities</Filter>
    </ClCompile>
    <ClCompile Include="..\..\game\shared\entities\EHandle.cpp">
      <Filter>Source Files\game\shared\entities</Filter>
    </ClCompile>
    <ClCompile Include="..\..\game\shared\entities\weapons\CSqueak.cpp">
      <Filter>Source Files\game\shared\entities\weapons</Filter>
    </ClCompile>
    <ClCompile Include="..\..\game\shared\entities\weapons\CSniperRifle.cpp">
      <Filter>Source Files\game\shared\entities\weapons</Filter>
    </ClCompile>
    <ClCompile Include="..\..\game\shared\entities\weapons\CTripmine.cpp">
      <Filter>Source Files\game\shared\entities\weapons</Filter>
    </ClCompile>
    <ClCompile Include="..\..\game\shared\entities\weapons\CSatchel.cpp">
      <Filter>Source Files\game\shared\entities\weapons</Filter>
    </ClCompile>
    <ClCompile Include="..\..\game\shared\entities\weapons\CHandGrenade.cpp">
      <Filter>Source Files\game\shared\entities\weapons</Filter>
    </ClCompile>
    <ClCompile Include="..\..\game\shared\entities\weapons\CHornetGun.cpp">
      <Filter>Source Files\game\shared\entities\weapons</Filter>
    </ClCompile>
    <ClCompile Include="..\..\game\shared\entities\weapons\CEgon.cpp">
      <Filter>Source Files\game\shared\entities\weapons</Filter>
    </ClCompile>
    <ClCompile Include="..\..\game\shared\entities\weapons\CGauss.cpp">
      <Filter>Source Files\game\shared\entities\weapons</Filter>
    </ClCompile>
    <ClCompile Include="..\..\game\shared\entities\weapons\CRpg.cpp">
      <Filter>Source Files\game\shared\entities\weapons</Filter>
    </ClCompile>
    <ClCompile Include="..\..\game\shared\entities\weapons\CShotgun.cpp">
      <Filter>Source Files\game\shared\entities\weapons</Filter>
    </ClCompile>
    <ClCompile Include="..\..\game\shared\entities\weapons\CCrossbow.cpp">
      <Filter>Source Files\game\shared\entities\weapons</Filter>
    </ClCompile>
    <ClCompile Include="..\..\game\shared\entities\weapons\CMP5.cpp">
      <Filter>Source Files\game\shared\entities\weapons</Filter>
    </ClCompile>
    <ClCompile Include="..\..\game\shared\entities\weapons\CPython.cpp">
      <Filter>Source Files\game\shared\entities\weapons</Filter>
    </ClCompile>
    <ClCompile Include="..\..\game\shared\entities\weapons\CCrowbar.cpp">
      <Filter>Source Files\game\shared\entities\weapons</Filter>
    </ClCompile>
    <ClCompile Include="..\..\game\shared\entities\weapons\CGlock.cpp">
      <Filter>Source Files\game\shared\entities\weapons</Filter>
    </ClCompile>
    <ClCompile Include="..\..\game\client\entities\weapons\CBasePlayerWeapon.client.cpp">
      <Filter>Source Files\game\client\entities\weapons</Filter>
    </ClCompile>
    <ClCompile Include="..\..\game\client\entities\weapons\CBasePlayerItem.client.cpp">
      <Filter>Source Files\game\client\entities\weapons</Filter>
    </ClCompile>
    <ClCompile Include="..\..\game\client\entities\CBasePlayer.client.cpp">
      <Filter>Source Files\game\client\entities</Filter>
    </ClCompile>
    <ClCompile Include="..\..\game\client\entities\CBaseEntity.client.cpp">
      <Filter>Source Files\game\client\entities</Filter>
    </ClCompile>
    <ClCompile Include="..\..\game\shared\shared_game_utils.cpp">
      <Filter>Source Files\game\shared</Filter>
    </ClCompile>
    <ClCompile Include="..\..\game\shared\CBaseGameInterface.cpp">
      <Filter>Source Files\game\shared</Filter>
    </ClCompile>
    <ClCompile Include="..\..\game\client\CClientGameInterface.cpp">
      <Filter>Source Files\game\client</Filter>
    </ClCompile>
    <ClCompile Include="..\..\game\client\cl_util.cpp">
      <Filter>Source Files\game\client</Filter>
    </ClCompile>
    <ClCompile Include="..\..\game\client\ui\vgui\vgui_int.cpp">
      <Filter>Source Files\game\client\ui\vgui</Filter>
    </ClCompile>
    <ClCompile Include="..\..\game\client\ui\vgui\vgui_ClassMenu.cpp">
      <Filter>Source Files\game\client\ui\vgui</Filter>
    </ClCompile>
    <ClCompile Include="..\..\game\client\ui\vgui\vgui_CustomObjects.cpp">
      <Filter>Source Files\game\client\ui\vgui</Filter>
    </ClCompile>
    <ClCompile Include="..\..\game\client\ui\vgui\vgui_MOTDWindow.cpp">
      <Filter>Source Files\game\client\ui\vgui</Filter>
    </ClCompile>
    <ClCompile Include="..\..\game\client\ui\vgui\vgui_ScorePanel.cpp">
      <Filter>Source Files\game\client\ui\vgui</Filter>
    </ClCompile>
    <ClCompile Include="..\..\game\client\ui\vgui\vgui_SpectatorPanel.cpp">
      <Filter>Source Files\game\client\ui\vgui</Filter>
    </ClCompile>
    <ClCompile Include="..\..\game\client\ui\vgui\vgui_ControlConfigPanel.cpp">
      <Filter>Source Files\game\client\ui\vgui</Filter>
    </ClCompile>
    <ClCompile Include="..\..\game\client\ui\vgui\vgui_SchemeManager.cpp">
      <Filter>Source Files\game\client\ui\vgui</Filter>
    </ClCompile>
    <ClCompile Include="..\..\game\client\ui\vgui\vgui_teammenu.cpp">
      <Filter>Source Files\game\client\ui\vgui</Filter>
    </ClCompile>
    <ClCompile Include="..\..\game\client\ui\vgui\vgui_TeamFortressViewport.cpp">
      <Filter>Source Files\game\client\ui\vgui</Filter>
    </ClCompile>
    <ClCompile Include="..\..\game\client\ui\CClientVGUI.cpp">
      <Filter>Source Files\game\client\ui</Filter>
    </ClCompile>
    <ClCompile Include="..\..\game\client\ui\hud\ammo.cpp">
      <Filter>Source Files\game\client\ui\hud</Filter>
    </ClCompile>
    <ClCompile Include="..\..\game\client\ui\hud\ammo_secondary.cpp">
      <Filter>Source Files\game\client\ui\hud</Filter>
    </ClCompile>
    <ClCompile Include="..\..\game\client\ui\hud\ammohistory.cpp">
      <Filter>Source Files\game\client\ui\hud</Filter>
    </ClCompile>
    <ClCompile Include="..\..\game\client\ui\hud\battery.cpp">
      <Filter>Source Files\game\client\ui\hud</Filter>
    </ClCompile>
    <ClCompile Include="..\..\game\client\ui\hud\death.cpp">
      <Filter>Source Files\game\client\ui\hud</Filter>
    </ClCompile>
    <ClCompile Include="..\..\game\client\ui\hud\health.cpp">
      <Filter>Source Files\game\client\ui\hud</Filter>
    </ClCompile>
    <ClCompile Include="..\..\game\client\ui\hud\flashlight.cpp">
      <Filter>Source Files\game\client\ui\hud</Filter>
    </ClCompile>
    <ClCompile Include="..\..\game\client\ui\hud\hud.cpp">
      <Filter>Source Files\game\client\ui\hud</Filter>
    </ClCompile>
    <ClCompile Include="..\..\game\client\ui\hud\hud_msg.cpp">
      <Filter>Source Files\game\client\ui\hud</Filter>
    </ClCompile>
    <ClCompile Include="..\..\game\client\ui\hud\hud_redraw.cpp">
      <Filter>Source Files\game\client\ui\hud</Filter>
    </ClCompile>
    <ClCompile Include="..\..\game\client\ui\hud\hud_update.cpp">
      <Filter>Source Files\game\client\ui\hud</Filter>
    </ClCompile>
    <ClCompile Include="..\..\game\client\ui\hud\hud_spectator.cpp">
      <Filter>Source Files\game\client\ui\hud</Filter>
    </ClCompile>
    <ClCompile Include="..\..\game\client\ui\hud\message.cpp">
      <Filter>Source Files\game\client\ui\hud</Filter>
    </ClCompile>
    <ClCompile Include="..\..\game\client\ui\hud\menu.cpp">
      <Filter>Source Files\game\client\ui\hud</Filter>
    </ClCompile>
    <ClCompile Include="..\..\game\client\ui\hud\geiger.cpp">
      <Filter>Source Files\game\client\ui\hud</Filter>
    </ClCompile>
    <ClCompile Include="..\..\game\client\ui\hud\saytext.cpp">
      <Filter>Source Files\game\client\ui\hud</Filter>
    </ClCompile>
    <ClCompile Include="..\..\game\client\ui\hud\status_icons.cpp">
      <Filter>Source Files\game\client\ui\hud</Filter>
    </ClCompile>
    <ClCompile Include="..\..\game\client\ui\hud\statusbar.cpp">
      <Filter>Source Files\game\client\ui\hud</Filter>
    </ClCompile>
    <ClCompile Include="..\..\game\client\ui\hud\text_message.cpp">
      <Filter>Source Files\game\client\ui\hud</Filter>
    </ClCompile>
    <ClCompile Include="..\..\game\client\ui\hud\train.cpp">
      <Filter>Source Files\game\client\ui\hud</Filter>
    </ClCompile>
    <ClCompile Include="..\..\game\client\renderer\view.cpp">
      <Filter>Source Files\game\client\renderer</Filter>
    </ClCompile>
    <ClCompile Include="..\..\game\client\renderer\tri.cpp">
      <Filter>Source Files\game\client\renderer</Filter>
    </ClCompile>
    <ClCompile Include="..\..\game\client\renderer\in_camera.cpp">
      <Filter>Source Files\game\client\renderer</Filter>
    </ClCompile>
    <ClCompile Include="..\..\game\client\ui\hud\hud_bench.cpp">
      <Filter>Source Files\game\client\ui\hud</Filter>
    </ClCompile>
    <ClCompile Include="..\..\game\client\ui\hud\hud_benchtrace.cpp">
      <Filter>Source Files\game\client\ui\hud</Filter>
    </ClCompile>
    <ClCompile Include="..\..\game\client\demo.cpp">
      <Filter>Source Files\game\client</Filter>
    </ClCompile>
    <ClCompile Include="..\..\game\client\renderer\GameStudioModelRenderer.cpp">
      <Filter>Source Files\game\client\renderer</Filter>
    </ClCompile>
    <ClCompile Include="..\..\game\client\renderer\studio_util.cpp">
      <Filter>Source Files\game\client\renderer</Filter>
    </ClCompile>
    <ClCompile Include="..\..\game\client\renderer\StudioModelRenderer.cpp">
      <Filter>Source Files\game\client\renderer</Filter>
    </ClCompile>
    <ClCompile Include="..\..\game\client\input\input.cpp">
      <Filter>Source Files\game\client\input</Filter>
    </ClCompile>
    <ClCompile Include="..\..\game\client\input\inputw32.cpp">
      <Filter>Source Files\game\client\input</Filter>
    </ClCompile>
    <ClCompile Include="..\..\game\client\ev_common.cpp">
      <Filter>Source Files\game\client</Filter>
    </ClCompile>
    <ClCompile Include="..\..\game\client\events.cpp">
      <Filter>Source Files\game\client</Filter>
    </ClCompile>
    <ClCompile Include="..\..\game\client\ev_hldm.cpp">
      <Filter>Source Files\game\client</Filter>
    </ClCompile>
    <ClCompile Include="..\..\game\client\entity.cpp">
      <Filter>Source Files\game\client</Filter>
    </ClCompile>
    <ClCompile Include="..\..\public\math\interpolation.cpp">
      <Filter>Source Files\public\math</Filter>
    </ClCompile>
    <ClCompile Include="..\..\game\client\com_weapons.cpp">
      <Filter>Source Files\game\client</Filter>
    </ClCompile>
    <ClCompile Include="..\..\game\client\cdll_int.cpp">
      <Filter>Source Files\game\client</Filter>
    </ClCompile>
    <ClCompile Include="..\..\game\client\voice_status.cpp">
      <Filter>Source Files\game\client</Filter>
    </ClCompile>
    <ClCompile Include="..\..\game\client\hl\hl_baseentity.cpp">
      <Filter>Source Files\game\client\hl</Filter>
    </ClCompile>
    <ClCompile Include="..\..\game\client\hl\hl_events.cpp">
      <Filter>Source Files\game\client\hl</Filter>
    </ClCompile>
    <ClCompile Include="..\..\game\client\hl\hl_objects.cpp">
      <Filter>Source Files\game\client\hl</Filter>
    </ClCompile>
    <ClCompile Include="..\..\game\client\hl\hl_weapons.cpp">
      <Filter>Source Files\game\client\hl</Filter>
    </ClCompile>
    <ClCompile Include="..\..\game\client\voice_banmgr.cpp">
      <Filter>Source Files\game\client</Filter>
    </ClCompile>
    <ClCompile Include="..\..\vgui_utils\vgui_checkbutton2.cpp">
      <Filter>Source Files\vgui_utils</Filter>
    </ClCompile>
    <ClCompile Include="..\..\vgui_utils\vgui_grid.cpp">
      <Filter>Source Files\vgui_utils</Filter>
    </ClCompile>
    <ClCompile Include="..\..\vgui_utils\vgui_helpers.cpp">
      <Filter>Source Files\vgui_utils</Filter>
    </ClCompile>
    <ClCompile Include="..\..\vgui_utils\vgui_listbox.cpp">
      <Filter>Source Files\vgui_utils</Filter>
    </ClCompile>
    <ClCompile Include="..\..\vgui_utils\vgui_loadtga.cpp">
      <Filter>Source Files\vgui_utils</Filter>
    </ClCompile>
    <ClCompile Include="..\..\vgui_utils\vgui_scrollbar2.cpp">
      <Filter>Source Files\vgui_utils</Filter>
    </ClCompile>
    <ClCompile Include="..\..\vgui_utils\vgui_slider2.cpp">
      <Filter>Source Files\vgui_utils</Filter>
    </ClCompile>
    <ClCompile Include="..\..\game\client\entities\CBaseToggle.client.cpp">
      <Filter>Source Files\game\client\entities</Filter>
    </ClCompile>
    <ClCompile Include="..\..\game\client\entities\CBaseDelay.client.cpp">
      <Filter>Source Files\game\client\entities</Filter>
    </ClCompile>
    <ClCompile Include="..\..\game\client\entities\CGrenade.client.cpp">
      <Filter>Source Files\game\client\entities</Filter>
    </ClCompile>
    <ClCompile Include="..\..\game\client\entities\CSprite.client.cpp">
      <Filter>Source Files\game\client\entities</Filter>
    </ClCompile>
    <ClCompile Include="..\..\game\client\entities\CBeam.client.cpp">
      <Filter>Source Files\game\client\entities</Filter>
    </ClCompile>
    <ClCompile Include="..\..\game\client\entities\CBaseAnimating.client.cpp">
      <Filter>Source Files\game\client\entities</Filter>
    </ClCompile>
    <ClCompile Include="..\..\game\client\entities\CBaseMonster.client.cpp">
      <Filter>Source Files\game\client\entities</Filter>
    </ClCompile>
    <ClCompile Include="..\..\game\shared\entities\weapons\CBasePlayerWeapon.shared.cpp">
      <Filter>Source Files\game\shared\entities\weapons</Filter>
    </ClCompile>
  </ItemGroup>
  <ItemGroup>
    <ClInclude Include="..\..\common\parsemsg.h">
      <Filter>Header Files\common</Filter>
    </ClInclude>
    <ClInclude Include="..\..\pm_shared\pm_shared.h">
      <Filter>Header Files\pm_shared</Filter>
    </ClInclude>
    <ClInclude Include="..\..\pm_shared\pm_debug.h">
      <Filter>Header Files\pm_shared</Filter>
    </ClInclude>
    <ClInclude Include="..\..\pm_shared\pm_defs.h">
      <Filter>Header Files\pm_shared</Filter>
    </ClInclude>
    <ClInclude Include="..\..\pm_shared\pm_info.h">
      <Filter>Header Files\pm_shared</Filter>
    </ClInclude>
    <ClInclude Include="..\..\pm_shared\pm_materials.h">
      <Filter>Header Files\pm_shared</Filter>
    </ClInclude>
    <ClInclude Include="..\..\pm_shared\pm_movevars.h">
      <Filter>Header Files\pm_shared</Filter>
    </ClInclude>
    <ClInclude Include="..\..\common\Platform.h">
      <Filter>Header Files\common</Filter>
    </ClInclude>
    <ClInclude Include="..\..\engine\IClientVGUI.h">
      <Filter>Header Files\engine</Filter>
    </ClInclude>
    <ClInclude Include="..\..\engine\IGameUIFuncs.h">
      <Filter>Header Files\engine</Filter>
    </ClInclude>
    <ClInclude Include="..\..\public\math\mathlib.h">
      <Filter>Header Files\public\math</Filter>
    </ClInclude>
    <ClInclude Include="..\..\public\math\vector.h">
      <Filter>Header Files\public\math</Filter>
    </ClInclude>
    <ClInclude Include="..\..\common\CAutoString.h">
      <Filter>Header Files\common</Filter>
    </ClInclude>
    <ClInclude Include="..\..\common\CHashStringPool.h">
      <Filter>Header Files\common</Filter>
    </ClInclude>
    <ClInclude Include="..\..\game\shared\entities\weapons\CAmmoTypes.h">
      <Filter>Header Files\game\shared\entities\weapons</Filter>
    </ClInclude>
    <ClInclude Include="..\..\game\shared\entities\CBaseEntity.shared.h">
      <Filter>Header Files\game\shared\entities</Filter>
    </ClInclude>
    <ClInclude Include="..\..\game\shared\entities\DataMapping.h">
      <Filter>Header Files\game\shared\entities</Filter>
    </ClInclude>
    <ClInclude Include="..\..\game\shared\entities\EHandle.h">
      <Filter>Header Files\game\shared\entities</Filter>
    </ClInclude>
    <ClInclude Include="..\..\game\shared\entities\weapons\CSniperRifle.h">
      <Filter>Header Files\game\shared\entities\weapons</Filter>
    </ClInclude>
    <ClInclude Include="..\..\game\shared\entities\weapons\CSqueak.h">
      <Filter>Header Files\game\shared\entities\weapons</Filter>
    </ClInclude>
    <ClInclude Include="..\..\game\shared\entities\weapons\CTripmine.h">
      <Filter>Header Files\game\shared\entities\weapons</Filter>
    </ClInclude>
    <ClInclude Include="..\..\game\shared\entities\weapons\CSatchel.h">
      <Filter>Header Files\game\shared\entities\weapons</Filter>
    </ClInclude>
    <ClInclude Include="..\..\game\shared\entities\weapons\CHandGrenade.h">
      <Filter>Header Files\game\shared\entities\weapons</Filter>
    </ClInclude>
    <ClInclude Include="..\..\game\shared\entities\weapons\CHornetGun.h">
      <Filter>Header Files\game\shared\entities\weapons</Filter>
    </ClInclude>
    <ClInclude Include="..\..\game\shared\entities\weapons\CEgon.h">
      <Filter>Header Files\game\shared\entities\weapons</Filter>
    </ClInclude>
    <ClInclude Include="..\..\game\shared\entities\weapons\CGauss.h">
      <Filter>Header Files\game\shared\entities\weapons</Filter>
    </ClInclude>
    <ClInclude Include="..\..\game\shared\entities\weapons\CRpg.h">
      <Filter>Header Files\game\shared\entities\weapons</Filter>
    </ClInclude>
    <ClInclude Include="..\..\game\shared\entities\weapons\CShotgun.h">
      <Filter>Header Files\game\shared\entities\weapons</Filter>
    </ClInclude>
    <ClInclude Include="..\..\game\shared\entities\weapons\CCrossbow.h">
      <Filter>Header Files\game\shared\entities\weapons</Filter>
    </ClInclude>
    <ClInclude Include="..\..\game\shared\entities\weapons\CMP5.h">
      <Filter>Header Files\game\shared\entities\weapons</Filter>
    </ClInclude>
    <ClInclude Include="..\..\game\shared\entities\weapons\CPython.h">
      <Filter>Header Files\game\shared\entities\weapons</Filter>
    </ClInclude>
    <ClInclude Include="..\..\game\shared\entities\weapons\CCrowbar.h">
      <Filter>Header Files\game\shared\entities\weapons</Filter>
    </ClInclude>
    <ClInclude Include="..\..\game\shared\entities\weapons\CGlock.h">
      <Filter>Header Files\game\shared\entities\weapons</Filter>
    </ClInclude>
    <ClInclude Include="..\..\game\shared\entities\CBasePlayer.h">
      <Filter>Header Files\game\shared\entities</Filter>
    </ClInclude>
    <ClInclude Include="..\..\game\shared\Weapons.h">
      <Filter>Header Files\game\shared</Filter>
    </ClInclude>
    <ClInclude Include="..\..\game\shared\shared_game_utils.h">
      <Filter>Header Files\game\shared</Filter>
    </ClInclude>
    <ClInclude Include="..\..\game\shared\Damage.h">
      <Filter>Header Files\game\shared</Filter>
    </ClInclude>
    <ClInclude Include="..\..\game\shared\CBaseGameInterface.h">
      <Filter>Header Files\game\shared</Filter>
    </ClInclude>
    <ClInclude Include="..\..\game\client\CClientGameInterface.h">
      <Filter>Header Files\game\client</Filter>
    </ClInclude>
    <ClInclude Include="..\..\common\MinMax.h">
      <Filter>Header Files\common</Filter>
    </ClInclude>
    <ClInclude Include="..\..\common\Game.h">
      <Filter>Header Files\common</Filter>
    </ClInclude>
    <ClInclude Include="..\..\game\client\cl_dll.h">
      <Filter>Header Files\game\client</Filter>
    </ClInclude>
    <ClInclude Include="..\..\game\client\cl_util.h">
      <Filter>Header Files\game\client</Filter>
    </ClInclude>
    <ClInclude Include="..\..\game\client\ui\vgui\vgui_int.h">
      <Filter>Header Files\game\client\ui\vgui</Filter>
    </ClInclude>
    <ClInclude Include="..\..\game\client\ui\vgui\vgui_ScorePanel.h">
      <Filter>Header Files\game\client\ui\vgui</Filter>
    </ClInclude>
    <ClInclude Include="..\..\game\client\ui\vgui\vgui_SpectatorPanel.h">
      <Filter>Header Files\game\client\ui\vgui</Filter>
    </ClInclude>
    <ClInclude Include="..\..\game\client\ui\vgui\vgui_ControlConfigPanel.h">
      <Filter>Header Files\game\client\ui\vgui</Filter>
    </ClInclude>
    <ClInclude Include="..\..\game\client\ui\vgui\vgui_SchemeManager.h">
      <Filter>Header Files\game\client\ui\vgui</Filter>
    </ClInclude>
    <ClInclude Include="..\..\game\client\ui\vgui\vgui_TeamFortressViewport.h">
      <Filter>Header Files\game\client\ui\vgui</Filter>
    </ClInclude>
    <ClInclude Include="..\..\game\client\ui\CClientVGUI.h">
      <Filter>Header Files\game\client\ui</Filter>
    </ClInclude>
    <ClInclude Include="..\..\game\client\ui\hud\ammo.h">
      <Filter>Header Files\game\client\ui\hud</Filter>
    </ClInclude>
    <ClInclude Include="..\..\game\client\ui\hud\ammohistory.h">
      <Filter>Header Files\game\client\ui\hud</Filter>
    </ClInclude>
    <ClInclude Include="..\..\game\client\ui\hud\health.h">
      <Filter>Header Files\game\client\ui\hud</Filter>
    </ClInclude>
    <ClInclude Include="..\..\game\client\ui\hud\hud.h">
      <Filter>Header Files\game\client\ui\hud</Filter>
    </ClInclude>
    <ClInclude Include="..\..\game\client\ui\hud\hud_spectator.h">
      <Filter>Header Files\game\client\ui\hud</Filter>
    </ClInclude>
    <ClInclude Include="..\..\game\client\renderer\view.h">
      <Filter>Header Files\game\client\renderer</Filter>
    </ClInclude>
    <ClInclude Include="..\..\game\client\renderer\tri.h">
      <Filter>Header Files\game\client\renderer</Filter>
    </ClInclude>
    <ClInclude Include="..\..\game\client\ui\hud\wrect.h">
      <Filter>Header Files\game\client\ui\hud</Filter>
    </ClInclude>
    <ClInclude Include="..\..\game\client\renderer\camera.h">
      <Filter>Header Files\game\client\renderer</Filter>
    </ClInclude>
    <ClInclude Include="..\..\game\client\ui\hud\hud_benchtrace.h">
      <Filter>Header Files\game\client\ui\hud</Filter>
    </ClInclude>
    <ClInclude Include="..\..\game\client\ui\hud\bench.h">
      <Filter>Header Files\game\client\ui\hud</Filter>
    </ClInclude>
    <ClInclude Include="..\..\game\client\demo.h">
      <Filter>Header Files\game\client</Filter>
    </ClInclude>
    <ClInclude Include="..\..\engine\kbutton.h">
      <Filter>Header Files\engine</Filter>
    </ClInclude>
    <ClInclude Include="..\..\game\client\renderer\GameStudioModelRenderer.h">
      <Filter>Header Files\game\client\renderer</Filter>
    </ClInclude>
    <ClInclude Include="..\..\game\client\renderer\studio_util.h">
      <Filter>Header Files\game\client\renderer</Filter>
    </ClInclude>
    <ClInclude Include="..\..\game\client\renderer\StudioModelRenderer.h">
      <Filter>Header Files\game\client\renderer</Filter>
    </ClInclude>
    <ClInclude Include="..\..\game\client\global_consts.h">
      <Filter>Header Files\game\client</Filter>
    </ClInclude>
    <ClInclude Include="..\..\game\client\player_info.h">
      <Filter>Header Files\game\client</Filter>
    </ClInclude>
    <ClInclude Include="..\..\game\client\Exports.h">
      <Filter>Header Files\game\client</Filter>
    </ClInclude>
    <ClInclude Include="..\..\game\client\eventscripts.h">
      <Filter>Header Files\game\client</Filter>
    </ClInclude>
    <ClInclude Include="..\..\game\client\ev_hldm.h">
      <Filter>Header Files\game\client</Filter>
    </ClInclude>
    <ClInclude Include="..\..\public\math\interpolation.h">
      <Filter>Header Files\public\math</Filter>
    </ClInclude>
    <ClInclude Include="..\..\game\client\com_weapons.h">
      <Filter>Header Files\game\client</Filter>
    </ClInclude>
    <ClInclude Include="..\..\game\client\voice_status.h">
      <Filter>Header Files\game\client</Filter>
    </ClInclude>
    <ClInclude Include="..\..\game\client\voice_banmgr.h">
      <Filter>Header Files\game\client</Filter>
    </ClInclude>
    <ClInclude Include="..\..\game\shared\voice_common.h">
      <Filter>Header Files\game\shared</Filter>
    </ClInclude>
    <ClInclude Include="..\..\vgui_utils\vgui_scrollbar2.h">
      <Filter>Header Files\vgui_utils</Filter>
    </ClInclude>
    <ClInclude Include="..\..\vgui_utils\vgui_slider2.h">
      <Filter>Header Files\vgui_utils</Filter>
    </ClInclude>
    <ClInclude Include="..\..\vgui_utils\vgui_checkbutton2.h">
      <Filter>Header Files\vgui_utils</Filter>
    </ClInclude>
    <ClInclude Include="..\..\vgui_utils\vgui_defaultinputsignal.h">
      <Filter>Header Files\vgui_utils</Filter>
    </ClInclude>
    <ClInclude Include="..\..\vgui_utils\vgui_grid.h">
      <Filter>Header Files\vgui_utils</Filter>
    </ClInclude>
    <ClInclude Include="..\..\vgui_utils\vgui_helpers.h">
      <Filter>Header Files\vgui_utils</Filter>
    </ClInclude>
    <ClInclude Include="..\..\vgui_utils\vgui_listbox.h">
      <Filter>Header Files\vgui_utils</Filter>
    </ClInclude>
    <ClInclude Include="..\..\vgui_utils\vgui_loadtga.h">
      <Filter>Header Files\vgui_utils</Filter>
    </ClInclude>
    <ClInclude Include="..\..\game\client\hl\hl_weapons.h">
      <Filter>Header Files\game\client\hl</Filter>
    </ClInclude>
    <ClInclude Include="..\..\engine\APIProxy.h">
      <Filter>Header Files\engine</Filter>
    </ClInclude>
    <ClInclude Include="..\..\game\shared\ScriptEvent.h">
      <Filter>Header Files\game\shared</Filter>
    </ClInclude>
  </ItemGroup>
  <ItemGroup>
    <Library Include="..\..\lib\public\game_controls.lib" />
  </ItemGroup>
</Project>