<?xml version="1.0" encoding="utf-8"?>
<Project ToolsVersion="4.0" xmlns="http://schemas.microsoft.com/developer/msbuild/2003">
  <ItemGroup>
    <Filter Include="Source Files">
      <UniqueIdentifier>{4FC737F1-C7A5-4376-A066-2A32D752A2FF}</UniqueIdentifier>
      <Extensions>cpp;c;cc;cxx;def;odl;idl;hpj;bat;asm;asmx</Extensions>
    </Filter>
    <Filter Include="Header Files">
      <UniqueIdentifier>{93995380-89BD-4b04-88EB-625FBE52EBFB}</UniqueIdentifier>
      <Extensions>h;hpp;hxx;hm;inl;inc;xsd</Extensions>
    </Filter>
    <Filter Include="Resource Files">
      <UniqueIdentifier>{67DA6AB6-F800-4c08-8B7A-83BB121AAD01}</UniqueIdentifier>
      <Extensions>rc;ico;cur;bmp;dlg;rc2;rct;bin;rgs;gif;jpg;jpeg;jpe;resx;tiff;tif;png;wav;mfcribbon-ms</Extensions>
    </Filter>
    <Filter Include="Source Files\dlls">
      <UniqueIdentifier>{a59f65b1-455f-459d-bc2a-75775255cd5c}</UniqueIdentifier>
    </Filter>
    <Filter Include="Source Files\pm_shared">
      <UniqueIdentifier>{7f184267-1d16-4bbc-9212-a804fcd04e6a}</UniqueIdentifier>
    </Filter>
    <Filter Include="Source Files\game_shared">
      <UniqueIdentifier>{9cd951c6-53c4-4c79-826f-13ac1af8a8b6}</UniqueIdentifier>
    </Filter>
    <Filter Include="Header Files\dlls">
      <UniqueIdentifier>{e3b69fef-bfa6-4270-8280-f2b25793ac4e}</UniqueIdentifier>
    </Filter>
    <Filter Include="Header Files\engine">
      <UniqueIdentifier>{b85e935a-5cc8-482d-b85f-6cdaa3452ccb}</UniqueIdentifier>
    </Filter>
    <Filter Include="Header Files\pm_shared">
      <UniqueIdentifier>{37941113-16fa-4ce0-9bdd-a72a1ced8902}</UniqueIdentifier>
    </Filter>
    <Filter Include="Header Files\common">
      <UniqueIdentifier>{5d87fa07-0411-4d28-97c7-5743c33c22a7}</UniqueIdentifier>
    </Filter>
    <Filter Include="Header Files\public">
      <UniqueIdentifier>{8f34858a-b7a7-488d-b92e-d419f890fdea}</UniqueIdentifier>
    </Filter>
    <Filter Include="Header Files\public\math">
      <UniqueIdentifier>{80d83e4f-3668-42b9-96cf-f8e4f8dd2bd6}</UniqueIdentifier>
    </Filter>
    <Filter Include="Header Files\game_shared">
      <UniqueIdentifier>{7a081d79-9e3c-48a6-8d9e-e66c8fe32950}</UniqueIdentifier>
    </Filter>
    <Filter Include="Source Files\public">
      <UniqueIdentifier>{d6c79d06-c86f-4128-9170-f34745f96920}</UniqueIdentifier>
    </Filter>
    <Filter Include="Source Files\public\math">
      <UniqueIdentifier>{3953bf7d-a4cd-427f-9da0-c6d20571f2bd}</UniqueIdentifier>
    </Filter>
    <Filter Include="Header Files\game">
      <UniqueIdentifier>{62c23c93-f28c-4fcc-9443-1e2069275eaa}</UniqueIdentifier>
    </Filter>
    <Filter Include="Header Files\game\shared">
      <UniqueIdentifier>{46c2928b-4517-494a-bbe2-0f95c5ccb606}</UniqueIdentifier>
    </Filter>
    <Filter Include="Source Files\game">
      <UniqueIdentifier>{8a3b04b0-3040-4c17-9581-a991d5d950e9}</UniqueIdentifier>
    </Filter>
    <Filter Include="Source Files\game\shared">
      <UniqueIdentifier>{94a231ae-ad8c-4fce-bde5-287d3045cf7e}</UniqueIdentifier>
    </Filter>
    <Filter Include="Source Files\common">
      <UniqueIdentifier>{254d1fdf-2374-4ff5-8c0b-cdf64a8f5fb5}</UniqueIdentifier>
    </Filter>
    <Filter Include="Header Files\engine\server">
      <UniqueIdentifier>{e66a962b-db67-40b8-a51b-9e1067cea996}</UniqueIdentifier>
    </Filter>
    <Filter Include="Source Files\game\server">
      <UniqueIdentifier>{9aadc9eb-c159-4c42-9bcd-4011e9476c56}</UniqueIdentifier>
    </Filter>
    <Filter Include="Header Files\game\server">
      <UniqueIdentifier>{e2b05fc6-4030-4feb-beb7-214583b49419}</UniqueIdentifier>
    </Filter>
    <Filter Include="Header Files\game\shared\entities">
      <UniqueIdentifier>{1907780c-e94b-49ed-86e0-0746ffd5adc4}</UniqueIdentifier>
    </Filter>
    <Filter Include="Header Files\game\shared\entities\weapons">
      <UniqueIdentifier>{1f6b559b-cf8a-45b9-8e4a-4c8603a82a55}</UniqueIdentifier>
    </Filter>
    <Filter Include="Source Files\game\shared\entities">
      <UniqueIdentifier>{5a1ff71e-4ecc-42a2-8693-6b98a896c9e2}</UniqueIdentifier>
    </Filter>
    <Filter Include="Source Files\game\shared\entities\weapons">
      <UniqueIdentifier>{d8396b44-72ce-4e9a-8cdd-0dc4e4811341}</UniqueIdentifier>
    </Filter>
    <Filter Include="Header Files\game\server\entities">
      <UniqueIdentifier>{dd69d451-605f-4741-92de-ab94733263fc}</UniqueIdentifier>
    </Filter>
    <Filter Include="Header Files\game\server\entities\weapons">
      <UniqueIdentifier>{da5a8965-1d90-4566-8567-c8c7d8e1a16a}</UniqueIdentifier>
    </Filter>
    <Filter Include="Source Files\game\server\entities">
      <UniqueIdentifier>{a408fb76-8baf-4f72-91f9-1051c69b3152}</UniqueIdentifier>
    </Filter>
    <Filter Include="Source Files\game\server\entities\weapons">
      <UniqueIdentifier>{f6e874a2-c9f8-4353-b49f-a233390d1cff}</UniqueIdentifier>
    </Filter>
    <Filter Include="Header Files\game\server\entities\NPCs">
      <UniqueIdentifier>{625118d8-9d26-4a5b-a7c3-0652ebc51b33}</UniqueIdentifier>
    </Filter>
    <Filter Include="Header Files\game\server\gamerules">
      <UniqueIdentifier>{75444478-120b-4339-bb27-7f00b1b2f2ba}</UniqueIdentifier>
    </Filter>
    <Filter Include="Source Files\game\server\gamerules">
      <UniqueIdentifier>{23e0cb9d-b8cc-4765-bed3-9920b2634194}</UniqueIdentifier>
    </Filter>
    <Filter Include="Header Files\game\server\entities\ammo">
      <UniqueIdentifier>{7535a757-3fa9-4e30-9680-0197f56a402c}</UniqueIdentifier>
    </Filter>
    <Filter Include="Source Files\game\server\entities\ammo">
      <UniqueIdentifier>{64802e7f-74cc-4397-9aba-c513a59c3ff5}</UniqueIdentifier>
    </Filter>
    <Filter Include="Header Files\game\server\entities\effects">
      <UniqueIdentifier>{c9a015af-26bc-4b5f-b00d-2afbc5ddd542}</UniqueIdentifier>
    </Filter>
    <Filter Include="Source Files\game\server\entities\effects">
      <UniqueIdentifier>{b2aa02bd-15ff-4b6e-a0a7-f2a1901efce3}</UniqueIdentifier>
    </Filter>
    <Filter Include="Source Files\game\server\entities\NPCs">
      <UniqueIdentifier>{6885d0bf-4655-4921-9293-045d1c91f6a3}</UniqueIdentifier>
    </Filter>
    <Filter Include="Header Files\game\server\entities\items">
      <UniqueIdentifier>{52f1ae4c-f70a-49a9-a695-5ff71737f420}</UniqueIdentifier>
    </Filter>
    <Filter Include="Source Files\game\server\entities\items">
      <UniqueIdentifier>{270ab602-c276-40b8-8c56-300033450188}</UniqueIdentifier>
    </Filter>
    <Filter Include="Header Files\game\server\entities\plats">
      <UniqueIdentifier>{675f61e7-55db-444e-a09b-5b7698df060e}</UniqueIdentifier>
    </Filter>
    <Filter Include="Source Files\game\server\entities\plats">
      <UniqueIdentifier>{bb7ec29b-85ab-435a-af20-a613b7669ba1}</UniqueIdentifier>
    </Filter>
    <Filter Include="Header Files\game\server\entities\triggers">
      <UniqueIdentifier>{571136fd-33e1-41a6-a808-ab13094f9f62}</UniqueIdentifier>
    </Filter>
    <Filter Include="Source Files\game\server\entities\triggers">
      <UniqueIdentifier>{90147850-c1d2-4590-80ac-2616b225a917}</UniqueIdentifier>
    </Filter>
    <Filter Include="Header Files\game\server\entities\NPCs\scripted">
      <UniqueIdentifier>{fe4018fa-16f6-44ef-a9b8-3239ca481424}</UniqueIdentifier>
    </Filter>
    <Filter Include="Source Files\game\server\entities\NPCs\scripted">
      <UniqueIdentifier>{55abc00d-88d9-4e93-affc-ec55b18f941a}</UniqueIdentifier>
    </Filter>
    <Filter Include="Header Files\game\server\entities\tanks">
      <UniqueIdentifier>{d3e8a7a9-1ae3-448d-8f48-e577d2dd600e}</UniqueIdentifier>
    </Filter>
    <Filter Include="Source Files\game\server\entities\tanks">
      <UniqueIdentifier>{4dd297cc-5390-4ca7-a6e9-e0ccdde46859}</UniqueIdentifier>
    </Filter>
  </ItemGroup>
  <ItemGroup>
    <ClCompile Include="..\..\dlls\aflock.cpp">
      <Filter>Source Files\dlls</Filter>
    </ClCompile>
    <ClCompile Include="..\..\dlls\agrunt.cpp">
      <Filter>Source Files\dlls</Filter>
    </ClCompile>
    <ClCompile Include="..\..\dlls\airtank.cpp">
      <Filter>Source Files\dlls</Filter>
    </ClCompile>
    <ClCompile Include="..\..\dlls\animation.cpp">
      <Filter>Source Files\dlls</Filter>
    </ClCompile>
    <ClCompile Include="..\..\dlls\apache.cpp">
      <Filter>Source Files\dlls</Filter>
    </ClCompile>
    <ClCompile Include="..\..\dlls\barnacle.cpp">
      <Filter>Source Files\dlls</Filter>
    </ClCompile>
    <ClCompile Include="..\..\dlls\barney.cpp">
      <Filter>Source Files\dlls</Filter>
    </ClCompile>
    <ClCompile Include="..\..\dlls\bigmomma.cpp">
      <Filter>Source Files\dlls</Filter>
    </ClCompile>
    <ClCompile Include="..\..\dlls\bloater.cpp">
      <Filter>Source Files\dlls</Filter>
    </ClCompile>
    <ClCompile Include="..\..\dlls\bmodels.cpp">
      <Filter>Source Files\dlls</Filter>
    </ClCompile>
    <ClCompile Include="..\..\dlls\bullsquid.cpp">
      <Filter>Source Files\dlls</Filter>
    </ClCompile>
    <ClCompile Include="..\..\dlls\cbase.cpp">
      <Filter>Source Files\dlls</Filter>
    </ClCompile>
    <ClCompile Include="..\..\dlls\client.cpp">
      <Filter>Source Files\dlls</Filter>
    </ClCompile>
    <ClCompile Include="..\..\dlls\combat.cpp">
      <Filter>Source Files\dlls</Filter>
    </ClCompile>
    <ClCompile Include="..\..\dlls\controller.cpp">
      <Filter>Source Files\dlls</Filter>
    </ClCompile>
    <ClCompile Include="..\..\dlls\gman.cpp">
      <Filter>Source Files\dlls</Filter>
    </ClCompile>
    <ClCompile Include="..\..\dlls\doors.cpp">
      <Filter>Source Files\dlls</Filter>
    </ClCompile>
    <ClCompile Include="..\..\dlls\explode.cpp">
      <Filter>Source Files\dlls</Filter>
    </ClCompile>
    <ClCompile Include="..\..\dlls\game.cpp">
      <Filter>Source Files\dlls</Filter>
    </ClCompile>
    <ClCompile Include="..\..\dlls\gargantua.cpp">
      <Filter>Source Files\dlls</Filter>
    </ClCompile>
    <ClCompile Include="..\..\dlls\genericmonster.cpp">
      <Filter>Source Files\dlls</Filter>
    </ClCompile>
    <ClCompile Include="..\..\dlls\globals.cpp">
      <Filter>Source Files\dlls</Filter>
    </ClCompile>
    <ClCompile Include="..\..\dlls\h_ai.cpp">
      <Filter>Source Files\dlls</Filter>
    </ClCompile>
    <ClCompile Include="..\..\dlls\h_battery.cpp">
      <Filter>Source Files\dlls</Filter>
    </ClCompile>
    <ClCompile Include="..\..\dlls\h_cycler.cpp">
      <Filter>Source Files\dlls</Filter>
    </ClCompile>
    <ClCompile Include="..\..\dlls\h_export.cpp">
      <Filter>Source Files\dlls</Filter>
    </ClCompile>
    <ClCompile Include="..\..\dlls\hassassin.cpp">
      <Filter>Source Files\dlls</Filter>
    </ClCompile>
    <ClCompile Include="..\..\dlls\headcrab.cpp">
      <Filter>Source Files\dlls</Filter>
    </ClCompile>
    <ClCompile Include="..\..\dlls\healthkit.cpp">
      <Filter>Source Files\dlls</Filter>
    </ClCompile>
    <ClCompile Include="..\..\dlls\hgrunt.cpp">
      <Filter>Source Files\dlls</Filter>
    </ClCompile>
    <ClCompile Include="..\..\dlls\monstermaker.cpp">
      <Filter>Source Files\dlls</Filter>
    </ClCompile>
    <ClCompile Include="..\..\dlls\houndeye.cpp">
      <Filter>Source Files\dlls</Filter>
    </ClCompile>
    <ClCompile Include="..\..\dlls\ichthyosaur.cpp">
      <Filter>Source Files\dlls</Filter>
    </ClCompile>
    <ClCompile Include="..\..\dlls\islave.cpp">
      <Filter>Source Files\dlls</Filter>
    </ClCompile>
    <ClCompile Include="..\..\dlls\leech.cpp">
      <Filter>Source Files\dlls</Filter>
    </ClCompile>
    <ClCompile Include="..\..\dlls\lights.cpp">
      <Filter>Source Files\dlls</Filter>
    </ClCompile>
    <ClCompile Include="..\..\dlls\maprules.cpp">
      <Filter>Source Files\dlls</Filter>
    </ClCompile>
    <ClCompile Include="..\..\dlls\monsterstate.cpp">
      <Filter>Source Files\dlls</Filter>
    </ClCompile>
    <ClCompile Include="..\..\dlls\mortar.cpp">
      <Filter>Source Files\dlls</Filter>
    </ClCompile>
    <ClCompile Include="..\..\dlls\nihilanth.cpp">
      <Filter>Source Files\dlls</Filter>
    </ClCompile>
    <ClCompile Include="..\..\dlls\nodes.cpp">
      <Filter>Source Files\dlls</Filter>
    </ClCompile>
    <ClCompile Include="..\..\dlls\observer.cpp">
      <Filter>Source Files\dlls</Filter>
    </ClCompile>
    <ClCompile Include="..\..\dlls\osprey.cpp">
      <Filter>Source Files\dlls</Filter>
    </ClCompile>
    <ClCompile Include="..\..\dlls\rat.cpp">
      <Filter>Source Files\dlls</Filter>
    </ClCompile>
    <ClCompile Include="..\..\dlls\roach.cpp">
      <Filter>Source Files\dlls</Filter>
    </ClCompile>
    <ClCompile Include="..\..\dlls\schedule.cpp">
      <Filter>Source Files\dlls</Filter>
    </ClCompile>
    <ClCompile Include="..\..\dlls\scientist.cpp">
      <Filter>Source Files\dlls</Filter>
    </ClCompile>
    <ClCompile Include="..\..\dlls\skill.cpp">
      <Filter>Source Files\dlls</Filter>
    </ClCompile>
    <ClCompile Include="..\..\dlls\sound.cpp">
      <Filter>Source Files\dlls</Filter>
    </ClCompile>
    <ClCompile Include="..\..\dlls\subs.cpp">
      <Filter>Source Files\dlls</Filter>
    </ClCompile>
    <ClCompile Include="..\..\dlls\tempmonster.cpp">
      <Filter>Source Files\dlls</Filter>
    </ClCompile>
    <ClCompile Include="..\..\dlls\tentacle.cpp">
      <Filter>Source Files\dlls</Filter>
    </ClCompile>
    <ClCompile Include="..\..\dlls\turret.cpp">
      <Filter>Source Files\dlls</Filter>
    </ClCompile>
    <ClCompile Include="..\..\dlls\util.cpp">
      <Filter>Source Files\dlls</Filter>
    </ClCompile>
    <ClCompile Include="..\..\game_shared\voice_gamemgr.cpp">
      <Filter>Source Files\game_shared</Filter>
    </ClCompile>
    <ClCompile Include="..\..\dlls\zombie.cpp">
      <Filter>Source Files\dlls</Filter>
    </ClCompile>
    <ClCompile Include="..\..\dlls\weapons.cpp">
      <Filter>Source Files\dlls</Filter>
    </ClCompile>
    <ClCompile Include="..\..\dlls\xen.cpp">
      <Filter>Source Files\dlls</Filter>
    </ClCompile>
    <ClCompile Include="..\..\pm_shared\pm_debug.cpp">
      <Filter>Source Files\pm_shared</Filter>
    </ClCompile>
    <ClCompile Include="..\..\pm_shared\pm_shared.cpp">
      <Filter>Source Files\pm_shared</Filter>
    </ClCompile>
    <ClCompile Include="..\..\game_shared\shared_game_utils.cpp">
      <Filter>Source Files\game_shared</Filter>
    </ClCompile>
    <ClCompile Include="..\..\public\math\mathlib.cpp">
      <Filter>Source Files\public\math</Filter>
    </ClCompile>
    <ClCompile Include="..\..\common\Platform.cpp">
      <Filter>Source Files\common</Filter>
    </ClCompile>
    <ClCompile Include="..\..\game\server\CMultiDamage.cpp">
      <Filter>Source Files\game\server</Filter>
    </ClCompile>
    <ClCompile Include="..\..\game\server\Decals.cpp">
      <Filter>Source Files\game\server</Filter>
    </ClCompile>
    <ClCompile Include="..\..\game\server\CGlobalState.cpp">
      <Filter>Source Files\game\server</Filter>
    </ClCompile>
    <ClCompile Include="..\..\game\shared\entities\weapons\CSniperRifle.cpp">
      <Filter>Source Files\game\shared\entities\weapons</Filter>
    </ClCompile>
    <ClCompile Include="..\..\game\shared\entities\weapons\CAmmoTypes.cpp">
      <Filter>Source Files\game\shared\entities\weapons</Filter>
    </ClCompile>
    <ClCompile Include="..\..\common\CHashStringPool.cpp">
      <Filter>Source Files\common</Filter>
    </ClCompile>
    <ClCompile Include="..\..\game\server\CMap.cpp">
      <Filter>Source Files\game\server</Filter>
    </ClCompile>
    <ClCompile Include="..\..\game\server\entities\weapons\CWeaponBox.cpp">
      <Filter>Source Files\game\server\entities\weapons</Filter>
    </ClCompile>
    <ClCompile Include="..\..\game\shared\entities\CBaseEntity.shared.cpp">
      <Filter>Source Files\game\shared\entities</Filter>
    </ClCompile>
    <ClCompile Include="..\..\game\shared\entities\EHandle.cpp">
      <Filter>Source Files\game\shared\entities</Filter>
    </ClCompile>
    <ClCompile Include="..\..\game\server\entities\CCorpse.cpp">
      <Filter>Source Files\game\server\entities</Filter>
    </ClCompile>
    <ClCompile Include="..\..\game\server\entities\CMultiManager.cpp">
      <Filter>Source Files\game\server\entities</Filter>
    </ClCompile>
    <ClCompile Include="..\..\game\server\entities\CMultiSource.cpp">
      <Filter>Source Files\game\server\entities</Filter>
    </ClCompile>
    <ClCompile Include="..\..\game\server\entities\CBaseButton.cpp">
      <Filter>Source Files\game\server\entities</Filter>
    </ClCompile>
    <ClCompile Include="..\..\game\server\entities\CBaseDoor.cpp">
      <Filter>Source Files\game\server\entities</Filter>
    </ClCompile>
    <ClCompile Include="..\..\game\server\entities\CRotButton.cpp">
      <Filter>Source Files\game\server\entities</Filter>
    </ClCompile>
    <ClCompile Include="..\..\game\server\entities\CRotDoor.cpp">
      <Filter>Source Files\game\server\entities</Filter>
    </ClCompile>
    <ClCompile Include="..\..\game\server\entities\CMomentaryDoor.cpp">
      <Filter>Source Files\game\server\entities</Filter>
    </ClCompile>
    <ClCompile Include="..\..\game\server\entities\CMomentaryRotButton.cpp">
      <Filter>Source Files\game\server\entities</Filter>
    </ClCompile>
    <ClCompile Include="..\..\game\server\entities\CWorld.cpp">
      <Filter>Source Files\game\server\entities</Filter>
    </ClCompile>
    <ClCompile Include="..\..\game\server\entities\CBaseAnimating.cpp">
      <Filter>Source Files\game\server\entities</Filter>
    </ClCompile>
    <ClCompile Include="..\..\game\server\entities\CBaseToggle.cpp">
      <Filter>Source Files\game\server\entities</Filter>
    </ClCompile>
    <ClCompile Include="..\..\game\server\entities\CBaseDelay.cpp">
      <Filter>Source Files\game\server\entities</Filter>
    </ClCompile>
    <ClCompile Include="..\..\game\server\entities\CBaseEntity.server.cpp">
      <Filter>Source Files\game\server\entities</Filter>
    </ClCompile>
    <ClCompile Include="..\..\game\server\entities\CDecal.cpp">
      <Filter>Source Files\game\server\entities</Filter>
    </ClCompile>
    <ClCompile Include="..\..\game\server\entities\CPointEntity.cpp">
      <Filter>Source Files\game\server\entities</Filter>
    </ClCompile>
    <ClCompile Include="..\..\game\server\gamerules\CHalfLifeRules.cpp">
      <Filter>Source Files\game\server\gamerules</Filter>
    </ClCompile>
    <ClCompile Include="..\..\game\server\gamerules\CHalfLifeMultiplay.cpp">
      <Filter>Source Files\game\server\gamerules</Filter>
    </ClCompile>
    <ClCompile Include="..\..\game\server\gamerules\CHalfLifeTeamplay.cpp">
      <Filter>Source Files\game\server\gamerules</Filter>
    </ClCompile>
    <ClCompile Include="..\..\game\server\gamerules\CGameRules.cpp">
      <Filter>Source Files\game\server\gamerules</Filter>
    </ClCompile>
    <ClCompile Include="..\..\game\server\gamerules\GameRules.cpp">
      <Filter>Source Files\game\server\gamerules</Filter>
    </ClCompile>
    <ClCompile Include="..\..\game\shared\entities\weapons\CSqueak.cpp">
      <Filter>Source Files\game\shared\entities\weapons</Filter>
    </ClCompile>
    <ClCompile Include="..\..\game\shared\entities\weapons\CTripmine.cpp">
      <Filter>Source Files\game\shared\entities\weapons</Filter>
    </ClCompile>
    <ClCompile Include="..\..\game\shared\entities\weapons\CSatchel.cpp">
      <Filter>Source Files\game\shared\entities\weapons</Filter>
    </ClCompile>
    <ClCompile Include="..\..\game\shared\entities\weapons\CHandGrenade.cpp">
      <Filter>Source Files\game\shared\entities\weapons</Filter>
    </ClCompile>
    <ClCompile Include="..\..\game\shared\entities\weapons\CHornetGun.cpp">
      <Filter>Source Files\game\shared\entities\weapons</Filter>
    </ClCompile>
    <ClCompile Include="..\..\game\shared\entities\weapons\CEgon.cpp">
      <Filter>Source Files\game\shared\entities\weapons</Filter>
    </ClCompile>
    <ClCompile Include="..\..\game\shared\entities\weapons\CGauss.cpp">
      <Filter>Source Files\game\shared\entities\weapons</Filter>
    </ClCompile>
    <ClCompile Include="..\..\game\server\entities\CRpgRocket.cpp">
      <Filter>Source Files\game\server\entities</Filter>
    </ClCompile>
    <ClCompile Include="..\..\game\shared\entities\weapons\CRpg.cpp">
      <Filter>Source Files\game\shared\entities\weapons</Filter>
    </ClCompile>
    <ClCompile Include="..\..\game\server\entities\CLaserSpot.cpp">
      <Filter>Source Files\game\server\entities</Filter>
    </ClCompile>
    <ClCompile Include="..\..\game\shared\entities\weapons\CShotgun.cpp">
      <Filter>Source Files\game\shared\entities\weapons</Filter>
    </ClCompile>
    <ClCompile Include="..\..\game\shared\entities\weapons\CCrossbow.cpp">
      <Filter>Source Files\game\shared\entities\weapons</Filter>
    </ClCompile>
    <ClCompile Include="..\..\game\shared\entities\weapons\CMP5.cpp">
      <Filter>Source Files\game\shared\entities\weapons</Filter>
    </ClCompile>
    <ClCompile Include="..\..\game\shared\entities\weapons\CPython.cpp">
      <Filter>Source Files\game\shared\entities\weapons</Filter>
    </ClCompile>
    <ClCompile Include="..\..\game\shared\entities\weapons\CCrowbar.cpp">
      <Filter>Source Files\game\shared\entities\weapons</Filter>
    </ClCompile>
    <ClCompile Include="..\..\game\shared\entities\weapons\CGlock.cpp">
      <Filter>Source Files\game\shared\entities\weapons</Filter>
    </ClCompile>
    <ClCompile Include="..\..\game\server\entities\ammo\CBasePlayerAmmo.cpp">
      <Filter>Source Files\game\server\entities\ammo</Filter>
    </ClCompile>
    <ClCompile Include="..\..\game\server\entities\weapons\CBasePlayerWeapon.server.cpp">
      <Filter>Source Files\game\server\entities\weapons</Filter>
    </ClCompile>
    <ClCompile Include="..\..\game\server\entities\weapons\CBasePlayerItem.server.cpp">
      <Filter>Source Files\game\server\entities\weapons</Filter>
    </ClCompile>
    <ClCompile Include="..\..\game\server\entities\CGrenade.cpp">
      <Filter>Source Files\game\server\entities</Filter>
    </ClCompile>
    <ClCompile Include="..\..\game\server\entities\CBasePlayer.server.cpp">
      <Filter>Source Files\game\server\entities</Filter>
    </ClCompile>
    <ClCompile Include="..\..\game\server\entities\CSprayCan.cpp">
      <Filter>Source Files\game\server\entities</Filter>
    </ClCompile>
    <ClCompile Include="..\..\game\server\entities\CBloodSplat.cpp">
      <Filter>Source Files\game\server\entities</Filter>
    </ClCompile>
    <ClCompile Include="..\..\game\server\entities\CDeadHEV.cpp">
      <Filter>Source Files\game\server\entities</Filter>
    </ClCompile>
    <ClCompile Include="..\..\game\server\entities\CStripWeapons.cpp">
      <Filter>Source Files\game\server\entities</Filter>
    </ClCompile>
    <ClCompile Include="..\..\game\server\entities\CRevertSaved.cpp">
      <Filter>Source Files\game\server\entities</Filter>
    </ClCompile>
    <ClCompile Include="..\..\game\server\entities\CInfoIntermission.cpp">
      <Filter>Source Files\game\server\entities</Filter>
    </ClCompile>
    <ClCompile Include="..\..\game\server\entities\effects\CSprite.cpp">
      <Filter>Source Files\game\server\entities\effects</Filter>
    </ClCompile>
    <ClCompile Include="..\..\game\server\entities\effects\CGlow.cpp">
      <Filter>Source Files\game\server\entities\effects</Filter>
    </ClCompile>
    <ClCompile Include="..\..\game\server\entities\effects\CBeam.cpp">
      <Filter>Source Files\game\server\entities\effects</Filter>
    </ClCompile>
    <ClCompile Include="..\..\game\server\entities\effects\CLaser.cpp">
      <Filter>Source Files\game\server\entities\effects</Filter>
    </ClCompile>
    <ClCompile Include="..\..\game\server\entities\effects\CLightning.cpp">
      <Filter>Source Files\game\server\entities\effects</Filter>
    </ClCompile>
    <ClCompile Include="..\..\game\server\entities\effects\CBubbling.cpp">
      <Filter>Source Files\game\server\entities\effects</Filter>
    </ClCompile>
    <ClCompile Include="..\..\game\server\entities\effects\CGibShooter.cpp">
      <Filter>Source Files\game\server\entities\effects</Filter>
    </ClCompile>
    <ClCompile Include="..\..\game\server\entities\effects\CEnvShooter.cpp">
      <Filter>Source Files\game\server\entities\effects</Filter>
    </ClCompile>
    <ClCompile Include="..\..\game\server\entities\effects\CBlood.cpp">
      <Filter>Source Files\game\server\entities\effects</Filter>
    </ClCompile>
    <ClCompile Include="..\..\game\server\entities\effects\CShake.cpp">
      <Filter>Source Files\game\server\entities\effects</Filter>
    </ClCompile>
    <ClCompile Include="..\..\game\server\entities\effects\CFade.cpp">
      <Filter>Source Files\game\server\entities\effects</Filter>
    </ClCompile>
    <ClCompile Include="..\..\game\server\entities\effects\CMessage.cpp">
      <Filter>Source Files\game\server\entities\effects</Filter>
    </ClCompile>
    <ClCompile Include="..\..\game\server\entities\effects\CEnvFunnel.cpp">
      <Filter>Source Files\game\server\entities\effects</Filter>
    </ClCompile>
    <ClCompile Include="..\..\game\server\entities\effects\CEnvBeverage.cpp">
      <Filter>Source Files\game\server\entities\effects</Filter>
    </ClCompile>
    <ClCompile Include="..\..\game\server\entities\effects\CItemSoda.cpp">
      <Filter>Source Files\game\server\entities\effects</Filter>
    </ClCompile>
    <ClCompile Include="..\..\common\CPlane.cpp">
      <Filter>Source Files\common</Filter>
    </ClCompile>
    <ClCompile Include="..\..\game\server\entities\NPCs\CFlyingMonster.cpp">
      <Filter>Source Files\game\server\entities\NPCs</Filter>
    </ClCompile>
    <ClCompile Include="..\..\game\server\entities\CSoundEnt.cpp">
      <Filter>Source Files\game\server\entities</Filter>
    </ClCompile>
    <ClCompile Include="..\..\game\server\entities\CBreakable.cpp">
      <Filter>Source Files\game\server\entities</Filter>
    </ClCompile>
    <ClCompile Include="..\..\game\server\entities\NPCs\CHornet.cpp">
      <Filter>Source Files\game\server\entities\NPCs</Filter>
    </ClCompile>
    <ClCompile Include="..\..\game\server\entities\NPCs\CSquadMonster.cpp">
      <Filter>Source Files\game\server\entities\NPCs</Filter>
    </ClCompile>
    <ClCompile Include="..\..\game\server\entities\NPCs\CTalkMonster.cpp">
      <Filter>Source Files\game\server\entities\NPCs</Filter>
    </ClCompile>
    <ClCompile Include="..\..\game\server\entities\CBaseSpectator.cpp">
      <Filter>Source Files\game\server\entities</Filter>
    </ClCompile>
    <ClCompile Include="..\..\game\server\entities\items\CItem.cpp">
      <Filter>Source Files\game\server\entities\items</Filter>
    </ClCompile>
    <ClCompile Include="..\..\game\server\entities\items\CWorldItem.cpp">
      <Filter>Source Files\game\server\entities\items</Filter>
    </ClCompile>
    <ClCompile Include="..\..\game\server\entities\items\CItemSuit.cpp">
      <Filter>Source Files\game\server\entities\items</Filter>
    </ClCompile>
    <ClCompile Include="..\..\game\server\entities\items\CItemBattery.cpp">
      <Filter>Source Files\game\server\entities\items</Filter>
    </ClCompile>
    <ClCompile Include="..\..\game\server\entities\items\CItemAntidote.cpp">
      <Filter>Source Files\game\server\entities\items</Filter>
    </ClCompile>
    <ClCompile Include="..\..\game\server\entities\items\CItemSecurity.cpp">
      <Filter>Source Files\game\server\entities\items</Filter>
    </ClCompile>
    <ClCompile Include="..\..\game\server\entities\items\CItemLongJump.cpp">
      <Filter>Source Files\game\server\entities\items</Filter>
    </ClCompile>
    <ClCompile Include="..\..\game\server\entities\items\CHealthKit.cpp">
      <Filter>Source Files\game\server\entities\items</Filter>
    </ClCompile>
    <ClCompile Include="..\..\game\server\entities\plats\CPathTrack.cpp">
      <Filter>Source Files\game\server\entities\plats</Filter>
    </ClCompile>
    <ClCompile Include="..\..\game\server\entities\plats\CFuncTrackTrain.cpp">
      <Filter>Source Files\game\server\entities\plats</Filter>
    </ClCompile>
    <ClCompile Include="..\..\game\server\entities\plats\CPathCorner.cpp">
      <Filter>Source Files\game\server\entities\plats</Filter>
    </ClCompile>
    <ClCompile Include="..\..\game\server\entities\plats\CBasePlatTrain.cpp">
      <Filter>Source Files\game\server\entities\plats</Filter>
    </ClCompile>
    <ClCompile Include="..\..\game\server\entities\plats\CFuncPlat.cpp">
      <Filter>Source Files\game\server\entities\plats</Filter>
    </ClCompile>
    <ClCompile Include="..\..\game\server\entities\plats\CPlatTrigger.cpp">
      <Filter>Source Files\game\server\entities\plats</Filter>
    </ClCompile>
    <ClCompile Include="..\..\game\server\entities\plats\CFuncPlatRot.cpp">
      <Filter>Source Files\game\server\entities\plats</Filter>
    </ClCompile>
    <ClCompile Include="..\..\game\server\entities\plats\CFuncTrain.cpp">
      <Filter>Source Files\game\server\entities\plats</Filter>
    </ClCompile>
    <ClCompile Include="..\..\game\server\entities\plats\CFuncTrainControls.cpp">
      <Filter>Source Files\game\server\entities\plats</Filter>
    </ClCompile>
    <ClCompile Include="..\..\game\server\entities\plats\CFuncTrackChange.cpp">
      <Filter>Source Files\game\server\entities\plats</Filter>
    </ClCompile>
    <ClCompile Include="..\..\game\server\entities\plats\CFuncTrackAuto.cpp">
      <Filter>Source Files\game\server\entities\plats</Filter>
    </ClCompile>
    <ClCompile Include="..\..\game\server\entities\plats\CGunTarget.cpp">
      <Filter>Source Files\game\server\entities\plats</Filter>
    </ClCompile>
    <ClCompile Include="..\..\game\server\entities\triggers\CFrictionModifier.cpp">
      <Filter>Source Files\game\server\entities\triggers</Filter>
    </ClCompile>
    <ClCompile Include="..\..\game\server\entities\triggers\CAutoTrigger.cpp">
      <Filter>Source Files\game\server\entities\triggers</Filter>
    </ClCompile>
    <ClCompile Include="..\..\game\server\entities\triggers\CTriggerRelay.cpp">
      <Filter>Source Files\game\server\entities\triggers</Filter>
    </ClCompile>
    <ClCompile Include="..\..\game\server\entities\triggers\CRenderFxManager.cpp">
      <Filter>Source Files\game\server\entities\triggers</Filter>
    </ClCompile>
    <ClCompile Include="..\..\game\server\entities\triggers\CBaseTrigger.cpp">
      <Filter>Source Files\game\server\entities\triggers</Filter>
    </ClCompile>
    <ClCompile Include="..\..\game\server\entities\triggers\CTriggerHurt.cpp">
      <Filter>Source Files\game\server\entities\triggers</Filter>
    </ClCompile>
    <ClCompile Include="..\..\game\server\entities\triggers\CTriggerMonsterJump.cpp">
      <Filter>Source Files\game\server\entities\triggers</Filter>
    </ClCompile>
    <ClCompile Include="..\..\game\server\entities\triggers\CTriggerCDAudio.cpp">
      <Filter>Source Files\game\server\entities\triggers</Filter>
    </ClCompile>
    <ClCompile Include="..\..\game\server\entities\triggers\CTargetCDAudio.cpp">
      <Filter>Source Files\game\server\entities\triggers</Filter>
    </ClCompile>
    <ClCompile Include="..\..\game\server\entities\triggers\CTriggerMultiple.cpp">
      <Filter>Source Files\game\server\entities\triggers</Filter>
    </ClCompile>
    <ClCompile Include="..\..\game\server\entities\triggers\CTriggerOnce.cpp">
      <Filter>Source Files\game\server\entities\triggers</Filter>
    </ClCompile>
    <ClCompile Include="..\..\game\server\entities\triggers\CTriggerCounter.cpp">
      <Filter>Source Files\game\server\entities\triggers</Filter>
    </ClCompile>
    <ClCompile Include="..\..\game\server\entities\triggers\CTriggerVolume.cpp">
      <Filter>Source Files\game\server\entities\triggers</Filter>
    </ClCompile>
    <ClCompile Include="..\..\game\server\entities\triggers\CFireAndDie.cpp">
      <Filter>Source Files\game\server\entities\triggers</Filter>
    </ClCompile>
    <ClCompile Include="..\..\game\server\entities\triggers\CChangeLevel.cpp">
      <Filter>Source Files\game\server\entities\triggers</Filter>
    </ClCompile>
    <ClCompile Include="..\..\game\server\entities\triggers\CLadder.cpp">
      <Filter>Source Files\game\server\entities\triggers</Filter>
    </ClCompile>
    <ClCompile Include="..\..\game\server\entities\triggers\CTriggerPush.cpp">
      <Filter>Source Files\game\server\entities\triggers</Filter>
    </ClCompile>
    <ClCompile Include="..\..\game\server\entities\triggers\CTriggerTeleport.cpp">
      <Filter>Source Files\game\server\entities\triggers</Filter>
    </ClCompile>
    <ClCompile Include="..\..\game\server\entities\triggers\CTriggerSave.cpp">
      <Filter>Source Files\game\server\entities\triggers</Filter>
    </ClCompile>
    <ClCompile Include="..\..\game\server\entities\triggers\CTriggerEndSection.cpp">
      <Filter>Source Files\game\server\entities\triggers</Filter>
    </ClCompile>
    <ClCompile Include="..\..\game\server\entities\triggers\CTriggerGravity.cpp">
      <Filter>Source Files\game\server\entities\triggers</Filter>
    </ClCompile>
    <ClCompile Include="..\..\game\server\entities\triggers\CTriggerChangeTarget.cpp">
      <Filter>Source Files\game\server\entities\triggers</Filter>
    </ClCompile>
    <ClCompile Include="..\..\game\server\entities\triggers\CTriggerCamera.cpp">
      <Filter>Source Files\game\server\entities\triggers</Filter>
    </ClCompile>
    <ClCompile Include="..\..\game\server\entities\effects\CGib.cpp">
      <Filter>Source Files\game\server\entities\effects</Filter>
    </ClCompile>
    <ClCompile Include="..\..\game\server\entities\NPCs\Activity.cpp">
      <Filter>Source Files\game\server\entities\NPCs</Filter>
    </ClCompile>
    <ClCompile Include="..\..\game\server\entities\NPCs\DefaultAI.cpp">
      <Filter>Source Files\game\server\entities\NPCs</Filter>
    </ClCompile>
    <ClCompile Include="..\..\game\server\entities\NPCs\Monsters.cpp">
      <Filter>Source Files\game\server\entities\NPCs</Filter>
    </ClCompile>
    <ClCompile Include="..\..\game\server\entities\NPCs\scripted\CCineMonster.cpp">
      <Filter>Source Files\game\server\entities\NPCs\scripted</Filter>
    </ClCompile>
    <ClCompile Include="..\..\game\server\entities\NPCs\scripted\CCineAI.cpp">
      <Filter>Source Files\game\server\entities\NPCs\scripted</Filter>
    </ClCompile>
    <ClCompile Include="..\..\game\server\entities\NPCs\CBaseMonster.scripted.cpp">
      <Filter>Source Files\game\server\entities\NPCs</Filter>
    </ClCompile>
    <ClCompile Include="..\..\game\server\entities\NPCs\scripted\CScriptedSentence.cpp">
      <Filter>Source Files\game\server\entities\NPCs\scripted</Filter>
    </ClCompile>
    <ClCompile Include="..\..\game\server\entities\NPCs\CFurniture.cpp">
      <Filter>Source Files\game\server\entities\NPCs</Filter>
    </ClCompile>
    <ClCompile Include="..\..\game\server\entities\tanks\CFuncTank.cpp">
      <Filter>Source Files\game\server\entities\tanks</Filter>
    </ClCompile>
    <ClCompile Include="..\..\game\server\entities\tanks\CFuncTankGun.cpp">
      <Filter>Source Files\game\server\entities\tanks</Filter>
    </ClCompile>
    <ClCompile Include="..\..\game\server\entities\tanks\CFuncTankLaser.cpp">
      <Filter>Source Files\game\server\entities\tanks</Filter>
    </ClCompile>
    <ClCompile Include="..\..\game\server\entities\tanks\CFuncTankRocket.cpp">
      <Filter>Source Files\game\server\entities\tanks</Filter>
    </ClCompile>
    <ClCompile Include="..\..\game\server\entities\tanks\CFuncTankMortar.cpp">
      <Filter>Source Files\game\server\entities\tanks</Filter>
    </ClCompile>
    <ClCompile Include="..\..\game\server\entities\tanks\CFuncTankControls.cpp">
      <Filter>Source Files\game\server\entities\tanks</Filter>
    </ClCompile>
    <ClCompile Include="..\..\game\server\entities\CEnvGlobal.cpp">
      <Filter>Source Files\game\server\entities</Filter>
    </ClCompile>
    <ClCompile Include="..\..\game\server\entities\effects\CEnvSpark.cpp">
      <Filter>Source Files\game\server\entities\effects</Filter>
    </ClCompile>
    <ClCompile Include="..\..\game\server\entities\CButtonTarget.cpp">
      <Filter>Source Files\game\server\entities</Filter>
    </ClCompile>
    <ClCompile Include="..\..\game\server\ButtonSounds.cpp">
      <Filter>Source Files\game\server</Filter>
    </ClCompile>
  </ItemGroup>
  <ItemGroup>
    <ClInclude Include="..\..\dlls\animation.h">
      <Filter>Header Files\dlls</Filter>
    </ClInclude>
    <ClInclude Include="..\..\dlls\cbase.h">
      <Filter>Header Files\dlls</Filter>
    </ClInclude>
    <ClInclude Include="..\..\dlls\cdll_dll.h">
      <Filter>Header Files\dlls</Filter>
    </ClInclude>
    <ClInclude Include="..\..\dlls\client.h">
      <Filter>Header Files\dlls</Filter>
    </ClInclude>
    <ClInclude Include="..\..\engine\eiface.h">
      <Filter>Header Files\engine</Filter>
    </ClInclude>
    <ClInclude Include="..\..\dlls\enginecallback.h">
      <Filter>Header Files\dlls</Filter>
    </ClInclude>
    <ClInclude Include="..\..\dlls\explode.h">
      <Filter>Header Files\dlls</Filter>
    </ClInclude>
    <ClInclude Include="..\..\dlls\extdll.h">
      <Filter>Header Files\dlls</Filter>
    </ClInclude>
    <ClInclude Include="..\..\dlls\nodes.h">
      <Filter>Header Files\dlls</Filter>
    </ClInclude>
    <ClInclude Include="..\..\pm_shared\pm_shared.h">
      <Filter>Header Files\pm_shared</Filter>
    </ClInclude>
    <ClInclude Include="..\..\pm_shared\pm_debug.h">
      <Filter>Header Files\pm_shared</Filter>
    </ClInclude>
    <ClInclude Include="..\..\pm_shared\pm_defs.h">
      <Filter>Header Files\pm_shared</Filter>
    </ClInclude>
    <ClInclude Include="..\..\pm_shared\pm_info.h">
      <Filter>Header Files\pm_shared</Filter>
    </ClInclude>
    <ClInclude Include="..\..\pm_shared\pm_materials.h">
      <Filter>Header Files\pm_shared</Filter>
    </ClInclude>
    <ClInclude Include="..\..\pm_shared\pm_movevars.h">
      <Filter>Header Files\pm_shared</Filter>
    </ClInclude>
    <ClInclude Include="..\..\dlls\saverestore.h">
      <Filter>Header Files\dlls</Filter>
    </ClInclude>
    <ClInclude Include="..\..\dlls\skill.h">
      <Filter>Header Files\dlls</Filter>
    </ClInclude>
    <ClInclude Include="..\..\dlls\util.h">
      <Filter>Header Files\dlls</Filter>
    </ClInclude>
    <ClInclude Include="..\..\common\Platform.h">
      <Filter>Header Files\common</Filter>
    </ClInclude>
    <ClInclude Include="..\..\public\math\vector.h">
      <Filter>Header Files\public\math</Filter>
    </ClInclude>
    <ClInclude Include="..\..\game_shared\Damage.h">
      <Filter>Header Files\game_shared</Filter>
    </ClInclude>
    <ClInclude Include="..\..\game_shared\shared_game_utils.h">
      <Filter>Header Files\game_shared</Filter>
    </ClInclude>
    <ClInclude Include="..\..\public\math\mathlib.h">
      <Filter>Header Files\public\math</Filter>
    </ClInclude>
    <ClInclude Include="..\..\engine\server\Server.h">
      <Filter>Header Files\engine\server</Filter>
    </ClInclude>
    <ClInclude Include="..\..\game\server\CMultiDamage.h">
      <Filter>Header Files\game\server</Filter>
    </ClInclude>
    <ClInclude Include="..\..\game\server\Decals.h">
      <Filter>Header Files\game\server</Filter>
    </ClInclude>
    <ClInclude Include="..\..\game\shared\entities\weapons\CSniperRifle.h">
      <Filter>Header Files\game\shared\entities\weapons</Filter>
    </ClInclude>
    <ClInclude Include="..\..\game\shared\entities\weapons\CAmmoTypes.h">
      <Filter>Header Files\game\shared\entities\weapons</Filter>
    </ClInclude>
    <ClInclude Include="..\..\common\StringUtils.h">
      <Filter>Header Files\common</Filter>
    </ClInclude>
    <ClInclude Include="..\..\common\CAutoString.h">
      <Filter>Header Files\common</Filter>
    </ClInclude>
    <ClInclude Include="..\..\common\CHashStringPool.h">
      <Filter>Header Files\common</Filter>
    </ClInclude>
    <ClInclude Include="..\..\game\server\CMap.h">
      <Filter>Header Files\game\server</Filter>
    </ClInclude>
    <ClInclude Include="..\..\game\server\entities\weapons\CWeaponBox.h">
      <Filter>Header Files\game\server\entities\weapons</Filter>
    </ClInclude>
    <ClInclude Include="..\..\game\shared\entities\CBaseEntity.shared.h">
      <Filter>Header Files\game\shared\entities</Filter>
    </ClInclude>
    <ClInclude Include="..\..\game\shared\entities\DataMapping.h">
      <Filter>Header Files\game\shared\entities</Filter>
    </ClInclude>
    <ClInclude Include="..\..\game\shared\entities\EHandle.h">
      <Filter>Header Files\game\shared\entities</Filter>
    </ClInclude>
    <ClInclude Include="..\..\game\server\entities\CCorpse.h">
      <Filter>Header Files\game\server\entities</Filter>
    </ClInclude>
    <ClInclude Include="..\..\game\server\entities\CMultiManager.h">
      <Filter>Header Files\game\server\entities</Filter>
    </ClInclude>
    <ClInclude Include="..\..\game\server\entities\CMultiSource.h">
      <Filter>Header Files\game\server\entities</Filter>
    </ClInclude>
    <ClInclude Include="..\..\game\server\entities\CBaseButton.h">
      <Filter>Header Files\game\server\entities</Filter>
    </ClInclude>
    <ClInclude Include="..\..\game\server\entities\CBaseDoor.h">
      <Filter>Header Files\game\server\entities</Filter>
    </ClInclude>
    <ClInclude Include="..\..\game\server\entities\CRotButton.h">
      <Filter>Header Files\game\server\entities</Filter>
    </ClInclude>
    <ClInclude Include="..\..\game\server\entities\CRotDoor.h">
      <Filter>Header Files\game\server\entities</Filter>
    </ClInclude>
    <ClInclude Include="..\..\game\server\entities\CMomentaryDoor.h">
      <Filter>Header Files\game\server\entities</Filter>
    </ClInclude>
    <ClInclude Include="..\..\game\server\entities\CMomentaryRotButton.h">
      <Filter>Header Files\game\server\entities</Filter>
    </ClInclude>
    <ClInclude Include="..\..\game\server\entities\CWorld.h">
      <Filter>Header Files\game\server\entities</Filter>
    </ClInclude>
    <ClInclude Include="..\..\game\server\entities\CBaseAnimating.h">
      <Filter>Header Files\game\server\entities</Filter>
    </ClInclude>
    <ClInclude Include="..\..\game\server\entities\CBaseDelay.h">
      <Filter>Header Files\game\server\entities</Filter>
    </ClInclude>
    <ClInclude Include="..\..\game\server\entities\CBaseToggle.h">
      <Filter>Header Files\game\server\entities</Filter>
    </ClInclude>
    <ClInclude Include="..\..\game\server\entities\CDecal.h">
      <Filter>Header Files\game\server\entities</Filter>
    </ClInclude>
    <ClInclude Include="..\..\game\server\entities\CPointEntity.h">
      <Filter>Header Files\game\server\entities</Filter>
    </ClInclude>
    <ClInclude Include="..\..\game\server\entities\NPCs\CBaseMonster.h">
      <Filter>Header Files\game\server\entities\NPCs</Filter>
    </ClInclude>
    <ClInclude Include="..\..\game\server\gamerules\CGameRules.h">
      <Filter>Header Files\game\server\gamerules</Filter>
    </ClInclude>
    <ClInclude Include="..\..\game\server\gamerules\CHalfLifeRules.h">
      <Filter>Header Files\game\server\gamerules</Filter>
    </ClInclude>
    <ClInclude Include="..\..\game\server\gamerules\CHalfLifeMultiplay.h">
      <Filter>Header Files\game\server\gamerules</Filter>
    </ClInclude>
    <ClInclude Include="..\..\game\server\gamerules\CHalfLifeTeamplay.h">
      <Filter>Header Files\game\server\gamerules</Filter>
    </ClInclude>
    <ClInclude Include="..\..\game\server\gamerules\GameRules.h">
      <Filter>Header Files\game\server\gamerules</Filter>
    </ClInclude>
    <ClInclude Include="..\..\game\shared\entities\weapons\CSqueak.h">
      <Filter>Header Files\game\shared\entities\weapons</Filter>
    </ClInclude>
    <ClInclude Include="..\..\game\shared\entities\weapons\CTripmine.h">
      <Filter>Header Files\game\shared\entities\weapons</Filter>
    </ClInclude>
    <ClInclude Include="..\..\game\shared\entities\weapons\CSatchel.h">
      <Filter>Header Files\game\shared\entities\weapons</Filter>
    </ClInclude>
    <ClInclude Include="..\..\game\shared\entities\weapons\CHandGrenade.h">
      <Filter>Header Files\game\shared\entities\weapons</Filter>
    </ClInclude>
    <ClInclude Include="..\..\game\shared\entities\weapons\CHornetGun.h">
      <Filter>Header Files\game\shared\entities\weapons</Filter>
    </ClInclude>
    <ClInclude Include="..\..\game\shared\entities\weapons\CEgon.h">
      <Filter>Header Files\game\shared\entities\weapons</Filter>
    </ClInclude>
    <ClInclude Include="..\..\game\shared\entities\weapons\CGauss.h">
      <Filter>Header Files\game\shared\entities\weapons</Filter>
    </ClInclude>
    <ClInclude Include="..\..\game\server\entities\CRpgRocket.h">
      <Filter>Header Files\game\server\entities</Filter>
    </ClInclude>
    <ClInclude Include="..\..\game\shared\entities\weapons\CRpg.h">
      <Filter>Header Files\game\shared\entities\weapons</Filter>
    </ClInclude>
    <ClInclude Include="..\..\game\server\entities\CLaserSpot.h">
      <Filter>Header Files\game\server\entities</Filter>
    </ClInclude>
    <ClInclude Include="..\..\game\shared\entities\weapons\CShotgun.h">
      <Filter>Header Files\game\shared\entities\weapons</Filter>
    </ClInclude>
    <ClInclude Include="..\..\game\shared\entities\weapons\CCrossbow.h">
      <Filter>Header Files\game\shared\entities\weapons</Filter>
    </ClInclude>
    <ClInclude Include="..\..\game\shared\entities\weapons\CMP5.h">
      <Filter>Header Files\game\shared\entities\weapons</Filter>
    </ClInclude>
    <ClInclude Include="..\..\game\shared\entities\weapons\CPython.h">
      <Filter>Header Files\game\shared\entities\weapons</Filter>
    </ClInclude>
    <ClInclude Include="..\..\game\shared\entities\weapons\CCrowbar.h">
      <Filter>Header Files\game\shared\entities\weapons</Filter>
    </ClInclude>
    <ClInclude Include="..\..\game\server\entities\ammo\CBasePlayerAmmo.h">
      <Filter>Header Files\game\server\entities\ammo</Filter>
    </ClInclude>
    <ClInclude Include="..\..\game\shared\entities\weapons\CBasePlayerWeapon.h">
      <Filter>Header Files\game\shared\entities\weapons</Filter>
    </ClInclude>
    <ClInclude Include="..\..\game\shared\entities\weapons\CBasePlayerItem.h">
      <Filter>Header Files\game\shared\entities\weapons</Filter>
    </ClInclude>
    <ClInclude Include="..\..\game\server\entities\CGrenade.h">
      <Filter>Header Files\game\shared\entities</Filter>
    </ClInclude>
    <ClInclude Include="..\..\game\shared\entities\CBasePlayer.h">
      <Filter>Header Files\game\shared\entities</Filter>
    </ClInclude>
    <ClInclude Include="..\..\game\server\entities\CSprayCan.h">
      <Filter>Header Files\game\server\entities</Filter>
    </ClInclude>
    <ClInclude Include="..\..\game\server\entities\CBloodSplat.h">
      <Filter>Header Files\game\server\entities</Filter>
    </ClInclude>
    <ClInclude Include="..\..\game\server\entities\CDeadHEV.h">
      <Filter>Header Files\game\server\entities</Filter>
    </ClInclude>
    <ClInclude Include="..\..\game\server\entities\CStripWeapons.h">
      <Filter>Header Files\game\server\entities</Filter>
    </ClInclude>
    <ClInclude Include="..\..\game\server\entities\CRevertSaved.h">
      <Filter>Header Files\game\server\entities</Filter>
    </ClInclude>
    <ClInclude Include="..\..\game\server\entities\CInfoIntermission.h">
      <Filter>Header Files\game\server\entities</Filter>
    </ClInclude>
    <ClInclude Include="..\..\game\server\entities\effects\CSprite.h">
      <Filter>Header Files\game\server\entities\effects</Filter>
    </ClInclude>
    <ClInclude Include="..\..\game\server\entities\effects\CGlow.h">
      <Filter>Header Files\game\server\entities\effects</Filter>
    </ClInclude>
    <ClInclude Include="..\..\game\server\entities\effects\CBeam.h">
      <Filter>Header Files\game\server\entities\effects</Filter>
    </ClInclude>
    <ClInclude Include="..\..\game\server\entities\effects\CLaser.h">
      <Filter>Header Files\game\server\entities\effects</Filter>
    </ClInclude>
    <ClInclude Include="..\..\game\server\entities\effects\CLightning.h">
      <Filter>Header Files\game\server\entities\effects</Filter>
    </ClInclude>
    <ClInclude Include="..\..\game\server\entities\effects\CBubbling.h">
      <Filter>Header Files\game\server\entities\effects</Filter>
    </ClInclude>
    <ClInclude Include="..\..\game\server\entities\effects\CGibShooter.h">
      <Filter>Header Files\game\server\entities\effects</Filter>
    </ClInclude>
    <ClInclude Include="..\..\game\server\entities\effects\CEnvShooter.h">
      <Filter>Header Files\game\server\entities\effects</Filter>
    </ClInclude>
    <ClInclude Include="..\..\game\server\entities\effects\CBlood.h">
      <Filter>Header Files\game\server\entities\effects</Filter>
    </ClInclude>
    <ClInclude Include="..\..\game\server\entities\effects\CShake.h">
      <Filter>Header Files\game\server\entities\effects</Filter>
    </ClInclude>
    <ClInclude Include="..\..\game\server\entities\effects\CFade.h">
      <Filter>Header Files\game\server\entities\effects</Filter>
    </ClInclude>
    <ClInclude Include="..\..\game\server\entities\effects\CMessage.h">
      <Filter>Header Files\game\server\entities\effects</Filter>
    </ClInclude>
    <ClInclude Include="..\..\game\server\entities\effects\CEnvFunnel.h">
      <Filter>Header Files\game\server\entities\effects</Filter>
    </ClInclude>
    <ClInclude Include="..\..\game\server\entities\effects\CEnvBeverage.h">
      <Filter>Header Files\game\server\entities\effects</Filter>
    </ClInclude>
    <ClInclude Include="..\..\game\server\entities\effects\CItemSoda.h">
      <Filter>Header Files\game\server\entities\effects</Filter>
    </ClInclude>
    <ClInclude Include="..\..\common\CPlane.h">
      <Filter>Header Files\common</Filter>
    </ClInclude>
    <ClInclude Include="..\..\game\server\entities\NPCs\CFlyingMonster.h">
      <Filter>Header Files\game\server\entities\NPCs</Filter>
    </ClInclude>
    <ClInclude Include="..\..\game\server\entities\CSoundEnt.h">
      <Filter>Header Files\game\server\entities</Filter>
    </ClInclude>
    <ClInclude Include="..\..\game\server\entities\CBreakable.h">
      <Filter>Header Files\game\server\entities</Filter>
    </ClInclude>
    <ClInclude Include="..\..\game\server\entities\NPCs\CHornet.h">
      <Filter>Header Files\game\server\entities\NPCs</Filter>
    </ClInclude>
    <ClInclude Include="..\..\game\server\entities\NPCs\CSquadMonster.h">
      <Filter>Header Files\game\server\entities\NPCs</Filter>
    </ClInclude>
    <ClInclude Include="..\..\game\server\entities\NPCs\CTalkMonster.h">
      <Filter>Header Files\game\server\entities\NPCs</Filter>
    </ClInclude>
    <ClInclude Include="..\..\game\server\entities\CBaseSpectator.h">
      <Filter>Header Files\game\server\entities</Filter>
    </ClInclude>
    <ClInclude Include="..\..\game\server\entities\items\CItem.h">
      <Filter>Header Files\game\server\entities\items</Filter>
    </ClInclude>
    <ClInclude Include="..\..\game\server\entities\items\CWorldItem.h">
      <Filter>Header Files\game\server\entities\items</Filter>
    </ClInclude>
    <ClInclude Include="..\..\game\server\entities\items\CItemSuit.h">
      <Filter>Header Files\game\server\entities\items</Filter>
    </ClInclude>
    <ClInclude Include="..\..\game\server\entities\items\CItemBattery.h">
      <Filter>Header Files\game\server\entities\items</Filter>
    </ClInclude>
    <ClInclude Include="..\..\game\server\entities\items\CItemAntidote.h">
      <Filter>Header Files\game\server\entities\items</Filter>
    </ClInclude>
    <ClInclude Include="..\..\game\server\entities\items\CItemSecurity.h">
      <Filter>Header Files\game\server\entities\items</Filter>
    </ClInclude>
    <ClInclude Include="..\..\game\server\entities\items\CItemLongJump.h">
      <Filter>Header Files\game\server\entities\items</Filter>
    </ClInclude>
    <ClInclude Include="..\..\game\server\entities\items\CHealthKit.h">
      <Filter>Header Files\game\server\entities\items</Filter>
    </ClInclude>
    <ClInclude Include="..\..\game\server\entities\plats\CFuncTrackTrain.h">
      <Filter>Header Files\game\server\entities\plats</Filter>
    </ClInclude>
    <ClInclude Include="..\..\game\server\entities\plats\CPathTrack.h">
      <Filter>Header Files\game\server\entities\plats</Filter>
    </ClInclude>
    <ClInclude Include="..\..\game\server\entities\plats\CPathCorner.h">
      <Filter>Header Files\game\server\entities\plats</Filter>
    </ClInclude>
    <ClInclude Include="..\..\game\server\entities\plats\CBasePlatTrain.h">
      <Filter>Header Files\game\server\entities\plats</Filter>
    </ClInclude>
    <ClInclude Include="..\..\game\server\entities\plats\CFuncPlat.h">
      <Filter>Header Files\game\server\entities\plats</Filter>
    </ClInclude>
    <ClInclude Include="..\..\game\server\entities\plats\CPlatTrigger.h">
      <Filter>Header Files\game\server\entities\plats</Filter>
    </ClInclude>
    <ClInclude Include="..\..\game\server\entities\plats\CFuncPlatRot.h">
      <Filter>Header Files\game\server\entities\plats</Filter>
    </ClInclude>
    <ClInclude Include="..\..\game\server\entities\plats\CFuncTrain.h">
      <Filter>Header Files\game\server\entities\plats</Filter>
    </ClInclude>
    <ClInclude Include="..\..\game\server\entities\plats\CFuncTrainControls.h">
      <Filter>Header Files\game\server\entities\plats</Filter>
    </ClInclude>
    <ClInclude Include="..\..\game\server\entities\plats\CFuncTrackChange.h">
      <Filter>Header Files\game\server\entities\plats</Filter>
    </ClInclude>
    <ClInclude Include="..\..\game\server\entities\plats\CFuncTrackAuto.h">
      <Filter>Header Files\game\server\entities\plats</Filter>
    </ClInclude>
    <ClInclude Include="..\..\game\server\entities\plats\CGunTarget.h">
      <Filter>Header Files\game\server\entities\plats</Filter>
    </ClInclude>
    <ClInclude Include="..\..\game\server\entities\triggers\CFrictionModifier.h">
      <Filter>Header Files\game\server\entities\triggers</Filter>
    </ClInclude>
    <ClInclude Include="..\..\game\server\entities\triggers\CAutoTrigger.h">
      <Filter>Header Files\game\server\entities\triggers</Filter>
    </ClInclude>
    <ClInclude Include="..\..\game\server\entities\triggers\CTriggerRelay.h">
      <Filter>Header Files\game\server\entities\triggers</Filter>
    </ClInclude>
    <ClInclude Include="..\..\game\server\entities\triggers\CRenderFxManager.h">
      <Filter>Header Files\game\server\entities\triggers</Filter>
    </ClInclude>
    <ClInclude Include="..\..\game\server\entities\triggers\CBaseTrigger.h">
      <Filter>Header Files\game\server\entities\triggers</Filter>
    </ClInclude>
    <ClInclude Include="..\..\game\server\entities\triggers\CTriggerHurt.h">
      <Filter>Header Files\game\server\entities\triggers</Filter>
    </ClInclude>
    <ClInclude Include="..\..\game\server\entities\triggers\CTriggerMonsterJump.h">
      <Filter>Header Files\game\server\entities\triggers</Filter>
    </ClInclude>
    <ClInclude Include="..\..\game\server\entities\triggers\CTriggerCDAudio.h">
      <Filter>Header Files\game\server\entities\triggers</Filter>
    </ClInclude>
    <ClInclude Include="..\..\game\server\entities\triggers\CTargetCDAudio.h">
      <Filter>Header Files\game\server\entities\triggers</Filter>
    </ClInclude>
    <ClInclude Include="..\..\game\server\entities\triggers\CTriggerMultiple.h">
      <Filter>Header Files\game\server\entities\triggers</Filter>
    </ClInclude>
    <ClInclude Include="..\..\game\server\entities\triggers\CTriggerOnce.h">
      <Filter>Header Files\game\server\entities\triggers</Filter>
    </ClInclude>
    <ClInclude Include="..\..\game\server\entities\triggers\CTriggerCounter.h">
      <Filter>Header Files\game\server\entities\triggers</Filter>
    </ClInclude>
    <ClInclude Include="..\..\game\server\entities\triggers\CTriggerVolume.h">
      <Filter>Header Files\game\server\entities\triggers</Filter>
    </ClInclude>
    <ClInclude Include="..\..\game\server\entities\triggers\CFireAndDie.h">
      <Filter>Header Files\game\server\entities\triggers</Filter>
    </ClInclude>
    <ClInclude Include="..\..\game\server\entities\triggers\CChangeLevel.h">
      <Filter>Header Files\game\server\entities\triggers</Filter>
    </ClInclude>
    <ClInclude Include="..\..\game\server\entities\triggers\CLadder.h">
      <Filter>Header Files\game\server\entities\triggers</Filter>
    </ClInclude>
    <ClInclude Include="..\..\game\server\entities\triggers\CTriggerPush.h">
      <Filter>Header Files\game\server\entities\triggers</Filter>
    </ClInclude>
    <ClInclude Include="..\..\game\server\entities\triggers\CTriggerTeleport.h">
      <Filter>Header Files\game\server\entities\triggers</Filter>
    </ClInclude>
    <ClInclude Include="..\..\game\server\entities\triggers\CTriggerSave.h">
      <Filter>Header Files\game\server\entities\triggers</Filter>
    </ClInclude>
    <ClInclude Include="..\..\game\server\entities\triggers\CTriggerEndSection.h">
      <Filter>Header Files\game\server\entities\triggers</Filter>
    </ClInclude>
    <ClInclude Include="..\..\game\server\entities\triggers\CTriggerGravity.h">
      <Filter>Header Files\game\server\entities\triggers</Filter>
    </ClInclude>
    <ClInclude Include="..\..\game\server\entities\triggers\CTriggerChangeTarget.h">
      <Filter>Header Files\game\server\entities\triggers</Filter>
    </ClInclude>
    <ClInclude Include="..\..\game\server\entities\triggers\CTriggerCamera.h">
      <Filter>Header Files\game\server\entities\triggers</Filter>
    </ClInclude>
    <ClInclude Include="..\..\game\server\entities\effects\CGib.h">
      <Filter>Header Files\game\server\entities\effects</Filter>
    </ClInclude>
    <ClInclude Include="..\..\game\server\entities\NPCs\Activity.h">
      <Filter>Header Files\game\server\entities\NPCs</Filter>
    </ClInclude>
    <ClInclude Include="..\..\game\server\entities\ScriptEvent.h">
      <Filter>Header Files\game\server\entities</Filter>
    </ClInclude>
    <ClInclude Include="..\..\game\server\entities\AnimationEvent.h">
      <Filter>Header Files\game\server\entities</Filter>
    </ClInclude>
    <ClInclude Include="..\..\game\server\entities\NPCs\Schedule.h">
      <Filter>Header Files\game\server\entities\NPCs</Filter>
    </ClInclude>
    <ClInclude Include="..\..\game\server\entities\NPCs\DefaultAI.h">
      <Filter>Header Files\game\server\entities\NPCs</Filter>
    </ClInclude>
    <ClInclude Include="..\..\game\server\entities\NPCs\Monsters.h">
      <Filter>Header Files\game\server\entities\NPCs</Filter>
    </ClInclude>
    <ClInclude Include="..\..\game\server\entities\NPCs\scripted\CCineMonster.h">
      <Filter>Header Files\game\server\entities\NPCs\scripted</Filter>
    </ClInclude>
    <ClInclude Include="..\..\game\server\entities\NPCs\scripted\CCineAI.h">
      <Filter>Header Files\game\server\entities\NPCs\scripted</Filter>
    </ClInclude>
    <ClInclude Include="..\..\game\server\entities\NPCs\scripted\CScriptedSentence.h">
      <Filter>Header Files\game\server\entities\NPCs\scripted</Filter>
    </ClInclude>
    <ClInclude Include="..\..\game\server\entities\NPCs\CFurniture.h">
      <Filter>Header Files\game\server\entities\NPCs</Filter>
    </ClInclude>
    <ClInclude Include="..\..\game\server\entities\NPCs\scripted\Scripted.h">
      <Filter>Header Files\game\server\entities\NPCs\scripted</Filter>
    </ClInclude>
    <ClInclude Include="..\..\game\server\entities\tanks\CFuncTank.h">
      <Filter>Header Files\game\server\entities\tanks</Filter>
    </ClInclude>
    <ClInclude Include="..\..\game\server\entities\tanks\CFuncTankGun.h">
      <Filter>Header Files\game\server\entities\tanks</Filter>
    </ClInclude>
    <ClInclude Include="..\..\game\server\entities\tanks\CFuncTankLaser.h">
      <Filter>Header Files\game\server\entities\tanks</Filter>
    </ClInclude>
    <ClInclude Include="..\..\game\server\entities\tanks\CFuncTankRocket.h">
      <Filter>Header Files\game\server\entities\tanks</Filter>
    </ClInclude>
    <ClInclude Include="..\..\game\server\entities\tanks\CFuncTankMortar.h">
      <Filter>Header Files\game\server\entities\tanks</Filter>
    </ClInclude>
    <ClInclude Include="..\..\game\server\entities\tanks\CFuncTankControls.h">
      <Filter>Header Files\game\server\entities\tanks</Filter>
    </ClInclude>
    <ClInclude Include="..\..\game\server\entities\CEnvGlobal.h">
      <Filter>Header Files\game\server\entities</Filter>
    </ClInclude>
    <ClInclude Include="..\..\game\server\entities\effects\CEnvSpark.h">
      <Filter>Header Files\game\server\entities\effects</Filter>
    </ClInclude>
    <ClInclude Include="..\..\game\server\entities\CButtonTarget.h">
      <Filter>Header Files\game\server\entities</Filter>
    </ClInclude>
    <ClInclude Include="..\..\game\server\ButtonSounds.h">
      <Filter>Header Files\game\server</Filter>
    </ClInclude>
    <ClInclude Include="..\..\game\server\entities\DoorConstants.h">
      <Filter>Header Files\game\server\entities</Filter>
    </ClInclude>
    <ClInclude Include="..\..\game\server\Effects.h">
      <Filter>Header Files\game\server</Filter>
    </ClInclude>
    <ClInclude Include="..\..\game\shared\Weapons.h">
      <Filter>Header Files\game\shared</Filter>
    </ClInclude>
  </ItemGroup>
</Project>