
Microsoft Visual Studio Solution File, Format Version 12.00
# Visual Studio 14
VisualStudioVersion = 14.0.25123.0
MinimumVisualStudioVersion = 10.0.40219.1
Project("{8BC9CEB8-8B4A-11D0-8D11-00A0C91BC942}") = "hldll", "hldll.vcxproj", "{69DDADC0-97F4-419E-86EB-C91781A0D2E0}"
EndProject
Project("{8BC9CEB8-8B4A-11D0-8D11-00A0C91BC942}") = "hl_cdll", "hl_cdll.vcxproj", "{DC1DD765-CFEB-47DA-A2EA-9F1E20A24272}"
EndProject
Project("{8BC9CEB8-8B4A-11D0-8D11-00A0C91BC942}") = "vgui_controls", "..\..\source_sdk\vgui2\controls\vgui_controls-2005.vcxproj", "{C3CEFD6F-5CDC-41DE-8D43-D932F508F51B}"
EndProject
Project("{8BC9CEB8-8B4A-11D0-8D11-00A0C91BC942}") = "tier1", "..\..\source_sdk\tier1\tier1-2005.vcxproj", "{E1DA8DB8-FB4C-4B14-91A6-98BCED6B9720}"
EndProject
Global
	GlobalSection(SolutionConfigurationPlatforms) = preSolution
		Debug|Win32 = Debug|Win32
		Release|Win32 = Release|Win32
	EndGlobalSection
	GlobalSection(ProjectConfigurationPlatforms) = postSolution
		{69DDADC0-97F4-419E-86EB-C91781A0D2E0}.Debug|Win32.ActiveCfg = Debug|Win32
		{69DDADC0-97F4-419E-86EB-C91781A0D2E0}.Debug|Win32.Build.0 = Debug|Win32
		{69DDADC0-97F4-419E-86EB-C91781A0D2E0}.Release|Win32.ActiveCfg = Release|Win32
		{69DDADC0-97F4-419E-86EB-C91781A0D2E0}.Release|Win32.Build.0 = Release|Win32
		{DC1DD765-CFEB-47DA-A2EA-9F1E20A24272}.Debug|Win32.ActiveCfg = Debug|Win32
		{DC1DD765-CFEB-47DA-A2EA-9F1E20A24272}.Debug|Win32.Build.0 = Debug|Win32
		{DC1DD765-CFEB-47DA-A2EA-9F1E20A24272}.Release|Win32.ActiveCfg = Release|Win32
		{DC1DD765-CFEB-47DA-A2EA-9F1E20A24272}.Release|Win32.Build.0 = Release|Win32
		{C3CEFD6F-5CDC-41DE-8D43-D932F508F51B}.Debug|Win32.ActiveCfg = Debug|Win32
		{C3CEFD6F-5CDC-41DE-8D43-D932F508F51B}.Debug|Win32.Build.0 = Debug|Win32
		{C3CEFD6F-5CDC-41DE-8D43-D932F508F51B}.Release|Win32.ActiveCfg = Release|Win32
		{C3CEFD6F-5CDC-41DE-8D43-D932F508F51B}.Release|Win32.Build.0 = Release|Win32
		{E1DA8DB8-FB4C-4B14-91A6-98BCED6B9720}.Debug|Win32.ActiveCfg = Debug|Win32
		{E1DA8DB8-FB4C-4B14-91A6-98BCED6B9720}.Debug|Win32.Build.0 = Debug|Win32
		{E1DA8DB8-FB4C-4B14-91A6-98BCED6B9720}.Release|Win32.ActiveCfg = Release|Win32
		{E1DA8DB8-FB4C-4B14-91A6-98BCED6B9720}.Release|Win32.Build.0 = Release|Win32
	EndGlobalSection
	GlobalSection(SolutionProperties) = preSolution
		HideSolutionNode = FALSE
	EndGlobalSection
EndGlobal
